// !$*UTF8*$!
{
	archiveVersion = 1;
	classes = {
	};
	objectVersion = 46;
	objects = {

/* Begin PBXBuildFile section */
		078622CA0A7B165754DA75BF /* RegalShader.cpp in Sources */ = {isa = PBXBuildFile; fileRef = 470C0D08246A5987594A1407 /* RegalShader.cpp */; };
		07C9486E530D16D85A5C7B89 /* RegalDllMain.cpp in Sources */ = {isa = PBXBuildFile; fileRef = 6D6B0D3B392076F023A52CF4 /* RegalDllMain.cpp */; };
		0EE83EB63FE918517860034D /* RegalInit.cpp in Sources */ = {isa = PBXBuildFile; fileRef = 52FF203D146E678648AA3328 /* RegalInit.cpp */; };
		0F5B4C3F7CD667EB2E3D3B32 /* TexStoProcs.cpp in Sources */ = {isa = PBXBuildFile; fileRef = 6DFF3302505E5F4A2A3E641C /* TexStoProcs.cpp */; };
		113F5FED43B8174B4BBE3852 /* Regal.cpp in Sources */ = {isa = PBXBuildFile; fileRef = 28D73C6331E93E022D4853F9 /* Regal.cpp */; };
		116F2F5246645BAC1C673CEA /* BinProcs.cpp in Sources */ = {isa = PBXBuildFile; fileRef = 52EE12153BD27B817F4475A2 /* BinProcs.cpp */; };
		117417347CB173F0393D7CC9 /* mongoose.c in Sources */ = {isa = PBXBuildFile; fileRef = 0B564B4140485E9101E3757B /* mongoose.c */; };
		14313B6D055251F676590411 /* TexCProcs.cpp in Sources */ = {isa = PBXBuildFile; fileRef = 6FEC143126CB71D418B74883 /* TexCProcs.cpp */; };
		14BA6A9F2B39351F40477F8A /* Xfer.cpp in Sources */ = {isa = PBXBuildFile; fileRef = 0D805E473521217711457554 /* Xfer.cpp */; };
		178A263430CD78AE688066A8 /* RegalUtil.cpp in Sources */ = {isa = PBXBuildFile; fileRef = 5DD636A541AF5AB418BF35B3 /* RegalUtil.cpp */; };
		186347D2371549ED75CA6248 /* LoaderProcs.cpp in Sources */ = {isa = PBXBuildFile; fileRef = 0423461944CE333165784A6C /* LoaderProcs.cpp */; };
		1A4738A5646938205B3862F8 /* RectProcs.cpp in Sources */ = {isa = PBXBuildFile; fileRef = 2A9726930626362837D84B14 /* RectProcs.cpp */; };
		1CF72BB054EC7FE47D021278 /* Filt.cpp in Sources */ = {isa = PBXBuildFile; fileRef = 4199643361071DCC60F728A5 /* Filt.cpp */; };
		20277CE935025373598A2115 /* PpaProcs.cpp in Sources */ = {isa = PBXBuildFile; fileRef = 0B16067F29E0468E40AB544F /* PpaProcs.cpp */; };
		21E16BC22869269103D27107 /* DebugProcs.cpp in Sources */ = {isa = PBXBuildFile; fileRef = 2EDB48B161FC05FF530029D9 /* DebugProcs.cpp */; };
		240C19FF39EE6BD730C0407E /* RegalEmuInfo.cpp in Sources */ = {isa = PBXBuildFile; fileRef = 10110CA32C070C0410433D7E /* RegalEmuInfo.cpp */; };
		249274850862120B24C7171D /* SoProcs.cpp in Sources */ = {isa = PBXBuildFile; fileRef = 54AB36CE17CB420E5B7B7BF1 /* SoProcs.cpp */; };
		2A0348C9160134027DD96798 /* RegalBreak.cpp in Sources */ = {isa = PBXBuildFile; fileRef = 4870536E120065BC2D805A7E /* RegalBreak.cpp */; };
		2A5F791A30A60EEC54C64990 /* QuadsProcs.cpp in Sources */ = {isa = PBXBuildFile; fileRef = 254E3FEA388B30950BF47DF6 /* QuadsProcs.cpp */; };
		2D4F5C8270920C810CCF7B75 /* RegalDispatch.cpp in Sources */ = {isa = PBXBuildFile; fileRef = 738B6B141B4C1AFF7CC514AC /* RegalDispatch.cpp */; };
		30FC182D60542AD30A57135C /* ErrorProcs.cpp in Sources */ = {isa = PBXBuildFile; fileRef = 608969AF1155069F4B7A61A1 /* ErrorProcs.cpp */; };
		34BA39CD49981BEC45F42B16 /* BaseVertexProcs.cpp in Sources */ = {isa = PBXBuildFile; fileRef = 7D0C4A600AE163484ABF4D0F /* BaseVertexProcs.cpp */; };
		35DC351C7ACD5EE8761D22A9 /* RegalMarker.cpp in Sources */ = {isa = PBXBuildFile; fileRef = 74F25BDD12EF3521272325F3 /* RegalMarker.cpp */; };
		3D8C63D55BB22AAA0E701B2C /* RegalInitLayers.cpp in Sources */ = {isa = PBXBuildFile; fileRef = 382F37E067CC37DD1E7813EB /* RegalInitLayers.cpp */; };
		43F11BDD09B22E664BE4169C /* RegalShaderInstance.cpp in Sources */ = {isa = PBXBuildFile; fileRef = 3E1C3DC30ADD4C550C7E621A /* RegalShaderInstance.cpp */; };
		4BB64C4242886FD264236D7F /* Favicon.cpp in Sources */ = {isa = PBXBuildFile; fileRef = 30AE222267C212302C146683 /* Favicon.cpp */; };
		4C8B5E433B8D5CF2144C498F /* DsaProcs.cpp in Sources */ = {isa = PBXBuildFile; fileRef = 14C31B70693F3179026F6029 /* DsaProcs.cpp */; };
		4E4408282DCC4664576D61E3 /* RegalContextInfo.cpp in Sources */ = {isa = PBXBuildFile; fileRef = 7CD7430063720C97305C7F8C /* RegalContextInfo.cpp */; };
		4EC56D2A76164D40614530E9 /* IffProcs.cpp in Sources */ = {isa = PBXBuildFile; fileRef = 63022A3F10D120E07F4913CE /* IffProcs.cpp */; };
		4FC47F7C2B8F4B535BF27A3F /* TexC.cpp in Sources */ = {isa = PBXBuildFile; fileRef = 0AAF27E950C6323F5BFD487A /* TexC.cpp */; };
		528E273879981AD263F37386 /* LogProcs.cpp in Sources */ = {isa = PBXBuildFile; fileRef = 35E633856ADD707B527705BB /* LogProcs.cpp */; };
		53AB2D931AF211B10B6318A4 /* PixelConversions.cpp in Sources */ = {isa = PBXBuildFile; fileRef = 79A14FD20BF326F148366687 /* PixelConversions.cpp */; };
		59AD17F43CE437993C1A03F8 /* RegalLog.cpp in Sources */ = {isa = PBXBuildFile; fileRef = 21CA065359BE77F7231F4AFF /* RegalLog.cpp */; };
		5E02582574AE60C952670FAC /* Quads.cpp in Sources */ = {isa = PBXBuildFile; fileRef = 574A580C109C17E559903E45 /* Quads.cpp */; };
		5E4248A14A2E2E2262EE11C3 /* RegalContext.cpp in Sources */ = {isa = PBXBuildFile; fileRef = 34D918835F6568940B8973B6 /* RegalContext.cpp */; };
		63671CB3629410FA45AF7131 /* So.cpp in Sources */ = {isa = PBXBuildFile; fileRef = 7C3C656B0B0E73517F2972BD /* So.cpp */; };
		64DD26C830F8083A39E455A0 /* VaoProcs.cpp in Sources */ = {isa = PBXBuildFile; fileRef = 4CC533DB08B11D5141EB532D /* VaoProcs.cpp */; };
		688C669C306E44426D031635 /* Http.cpp in Sources */ = {isa = PBXBuildFile; fileRef = 6D7E78720A061BF11E8A16E4 /* Http.cpp */; };
		6CEF51547B68048224101F15 /* HintProcs.cpp in Sources */ = {isa = PBXBuildFile; fileRef = 27D5135600F04B6712835D2D /* HintProcs.cpp */; };
		6D544F954BC375AC72A56B72 /* HttpProcs.cpp in Sources */ = {isa = PBXBuildFile; fileRef = 2CAF2DE269C2418A5B513AAF /* HttpProcs.cpp */; };
		6D582EF5135227124F482BF9 /* FiltProcs.cpp in Sources */ = {isa = PBXBuildFile; fileRef = 1D277E64612703F6137B27F1 /* FiltProcs.cpp */; };
		6E39187E09EC768115DB1AD0 /* XferProcs.cpp in Sources */ = {isa = PBXBuildFile; fileRef = 071E514861F61EBC745F2F24 /* XferProcs.cpp */; };
		6F0D64BA2B1D1414635035C2 /* RegalEmu.cpp in Sources */ = {isa = PBXBuildFile; fileRef = 7E5C069B54784F98445A246B /* RegalEmu.cpp */; };
		70CF66246769427B1CA12E11 /* RegalConfig.cpp in Sources */ = {isa = PBXBuildFile; fileRef = 29D515B14C7B5A12141E6C71 /* RegalConfig.cpp */; };
		74565EAD38576F53413F31EE /* ObjProcs.cpp in Sources */ = {isa = PBXBuildFile; fileRef = 04E42265273A71404DF726C7 /* ObjProcs.cpp */; };
		753E625E453F60AF3D2B67AA /* PpapiProcs.cpp in Sources */ = {isa = PBXBuildFile; fileRef = 6D017D8679683AEC78102413 /* PpapiProcs.cpp */; };
		79D51A9332334342475E7FA4 /* PpcaProcs.cpp in Sources */ = {isa = PBXBuildFile; fileRef = 464429AC7FFB6CDE089B24CC /* PpcaProcs.cpp */; };
		7B0D290658C3187A05127762 /* RegalToken.cpp in Sources */ = {isa = PBXBuildFile; fileRef = 310F61B02932270B4BC113FF /* RegalToken.cpp */; };
		7BA8009E2837721543F11B9D /* RegalMac.cpp in Sources */ = {isa = PBXBuildFile; fileRef = 6DE44EC05F8006FD5EC83DCD /* RegalMac.cpp */; };
		7C263CEC42AA5EF346571DB3 /* Iff.cpp in Sources */ = {isa = PBXBuildFile; fileRef = 5C40152E2FF509737E482DFF /* Iff.cpp */; };
		7C6C3CCF420353C35DFF2CB6 /* RegalHelper.cpp in Sources */ = {isa = PBXBuildFile; fileRef = 50DE26A60458591D391E7BBC /* RegalHelper.cpp */; };
/* End PBXBuildFile section */

/* Begin PBXFileReference section */
		00FF712402450BCF765B6D6A /* So.h */ = {isa = PBXFileReference; lastKnownFileType = sourcecode.c.h; path = So.h; sourceTree = "<group>"; };
		023A4464171D77A7123B7D63 /* Http.h */ = {isa = PBXFileReference; lastKnownFileType = sourcecode.c.h; path = Http.h; sourceTree = "<group>"; };
		028E6E8F7BC8130760A901CB /* RegalFloat4.h */ = {isa = PBXFileReference; lastKnownFileType = sourcecode.c.h; path = RegalFloat4.h; sourceTree = "<group>"; };
		0423461944CE333165784A6C /* LoaderProcs.cpp */ = {isa = PBXFileReference; lastKnownFileType = sourcecode.cpp.cpp; path = LoaderProcs.cpp; sourceTree = "<group>"; };
		04D840C81F36138261ED4B73 /* linear.h */ = {isa = PBXFileReference; lastKnownFileType = sourcecode.c.h; path = linear.h; sourceTree = "<group>"; };
		04E42265273A71404DF726C7 /* ObjProcs.cpp */ = {isa = PBXFileReference; lastKnownFileType = sourcecode.cpp.cpp; path = ObjProcs.cpp; sourceTree = "<group>"; };
		04F10CBC161753B46DCA1C2C /* FiltProcs.h */ = {isa = PBXFileReference; lastKnownFileType = sourcecode.c.h; path = FiltProcs.h; sourceTree = "<group>"; };
		051F631C045A66321687300D /* RegalSharedPtr.h */ = {isa = PBXFileReference; lastKnownFileType = sourcecode.c.h; path = RegalSharedPtr.h; sourceTree = "<group>"; };
		071E514861F61EBC745F2F24 /* XferProcs.cpp */ = {isa = PBXFileReference; lastKnownFileType = sourcecode.cpp.cpp; path = XferProcs.cpp; sourceTree = "<group>"; };
		0938530166DB42BC78365DCC /* Filt.h */ = {isa = PBXFileReference; lastKnownFileType = sourcecode.c.h; path = Filt.h; sourceTree = "<group>"; };
		0A697F9947B76432154D1476 /* jscode.h */ = {isa = PBXFileReference; lastKnownFileType = sourcecode.c.h; path = jscode.h; sourceTree = "<group>"; };
		0AAF27E950C6323F5BFD487A /* TexC.cpp */ = {isa = PBXFileReference; lastKnownFileType = sourcecode.cpp.cpp; path = TexC.cpp; sourceTree = "<group>"; };
		0B16067F29E0468E40AB544F /* PpaProcs.cpp */ = {isa = PBXFileReference; lastKnownFileType = sourcecode.cpp.cpp; path = PpaProcs.cpp; sourceTree = "<group>"; };
		0B564B4140485E9101E3757B /* mongoose.c */ = {isa = PBXFileReference; lastKnownFileType = sourcecode.c.c; path = mongoose.c; sourceTree = "<group>"; };
		0D805E473521217711457554 /* Xfer.cpp */ = {isa = PBXFileReference; lastKnownFileType = sourcecode.cpp.cpp; path = Xfer.cpp; sourceTree = "<group>"; };
		10110CA32C070C0410433D7E /* RegalEmuInfo.cpp */ = {isa = PBXFileReference; lastKnownFileType = sourcecode.cpp.cpp; path = RegalEmuInfo.cpp; sourceTree = "<group>"; };
		11CA6B6276F4179B0184116D /* PpcaProcs.h */ = {isa = PBXFileReference; lastKnownFileType = sourcecode.c.h; path = PpcaProcs.h; sourceTree = "<group>"; };
		12E77C7A44DE5B507BBB60D3 /* TexCProcs.h */ = {isa = PBXFileReference; lastKnownFileType = sourcecode.c.h; path = TexCProcs.h; sourceTree = "<group>"; };
		147604D8082B63E2313543B0 /* RegalSharedList.h */ = {isa = PBXFileReference; lastKnownFileType = sourcecode.c.h; path = RegalSharedList.h; sourceTree = "<group>"; };
		14C31B70693F3179026F6029 /* DsaProcs.cpp */ = {isa = PBXFileReference; lastKnownFileType = sourcecode.cpp.cpp; path = DsaProcs.cpp; sourceTree = "<group>"; };
		1766514865EE7FC62CE11503 /* Ppa.h */ = {isa = PBXFileReference; lastKnownFileType = sourcecode.c.h; path = Ppa.h; sourceTree = "<group>"; };
		17894F2A7DE757C17560316C /* Vao.h */ = {isa = PBXFileReference; lastKnownFileType = sourcecode.c.h; path = Vao.h; sourceTree = "<group>"; };
		1865356D1F146EFB5FCE72CB /* RegalPrecompile.h */ = {isa = PBXFileReference; lastKnownFileType = sourcecode.c.h; path = RegalPrecompile.h; sourceTree = "<group>"; };
		187D3B0777167E0F115D795F /* RegalMac.h */ = {isa = PBXFileReference; lastKnownFileType = sourcecode.c.h; path = RegalMac.h; sourceTree = "<group>"; };
		18C4244131812775264A4D92 /* RegalLog.h */ = {isa = PBXFileReference; lastKnownFileType = sourcecode.c.h; path = RegalLog.h; sourceTree = "<group>"; };
		1A0E21A9623B1F7613D34279 /* Quads.h */ = {isa = PBXFileReference; lastKnownFileType = sourcecode.c.h; path = Quads.h; sourceTree = "<group>"; };
		1AF37366611B74E437271DC5 /* RegalMarker.h */ = {isa = PBXFileReference; lastKnownFileType = sourcecode.c.h; path = RegalMarker.h; sourceTree = "<group>"; };
		1C3B030420B224894342429F /* RegalContextInfo.h */ = {isa = PBXFileReference; lastKnownFileType = sourcecode.c.h; path = RegalContextInfo.h; sourceTree = "<group>"; };
		1CDF7BF513BD73250771488A /* HintProcs.h */ = {isa = PBXFileReference; lastKnownFileType = sourcecode.c.h; path = HintProcs.h; sourceTree = "<group>"; };
		1D277E64612703F6137B27F1 /* FiltProcs.cpp */ = {isa = PBXFileReference; lastKnownFileType = sourcecode.cpp.cpp; path = FiltProcs.cpp; sourceTree = "<group>"; };
		1E0F05ED382B3594404936A7 /* RegalLayer.h */ = {isa = PBXFileReference; lastKnownFileType = sourcecode.c.h; path = RegalLayer.h; sourceTree = "<group>"; };
		1E28025936E44EF400B83378 /* pch.h */ = {isa = PBXFileReference; lastKnownFileType = sourcecode.c.h; path = pch.h; sourceTree = "<group>"; };
		1F552E402B2E6B2B0CAC1345 /* Log.h */ = {isa = PBXFileReference; lastKnownFileType = sourcecode.c.h; path = Log.h; sourceTree = "<group>"; };
		1F97728A66454D694D6D67B2 /* VaoProcs.h */ = {isa = PBXFileReference; lastKnownFileType = sourcecode.c.h; path = VaoProcs.h; sourceTree = "<group>"; };
		20AD4EB3023F093716A21A3A /* SoProcs.h */ = {isa = PBXFileReference; lastKnownFileType = sourcecode.c.h; path = SoProcs.h; sourceTree = "<group>"; };
		210A542F056A29843A505AD9 /* RegalEmuInfo.h */ = {isa = PBXFileReference; lastKnownFileType = sourcecode.c.h; path = RegalEmuInfo.h; sourceTree = "<group>"; };
		21CA065359BE77F7231F4AFF /* RegalLog.cpp */ = {isa = PBXFileReference; lastKnownFileType = sourcecode.cpp.cpp; path = RegalLog.cpp; sourceTree = "<group>"; };
		23790601490D0062274E0B9C /* RectProcs.h */ = {isa = PBXFileReference; lastKnownFileType = sourcecode.c.h; path = RectProcs.h; sourceTree = "<group>"; };
		254E3FEA388B30950BF47DF6 /* QuadsProcs.cpp */ = {isa = PBXFileReference; lastKnownFileType = sourcecode.cpp.cpp; path = QuadsProcs.cpp; sourceTree = "<group>"; };
		25D702A9595165641D38735F /* Obj.h */ = {isa = PBXFileReference; lastKnownFileType = sourcecode.c.h; path = Obj.h; sourceTree = "<group>"; };
		26A26752591F301225174904 /* RegalMutex.h */ = {isa = PBXFileReference; lastKnownFileType = sourcecode.c.h; path = RegalMutex.h; sourceTree = "<group>"; };
		27D5135600F04B6712835D2D /* HintProcs.cpp */ = {isa = PBXFileReference; lastKnownFileType = sourcecode.cpp.cpp; path = HintProcs.cpp; sourceTree = "<group>"; };
		283F7C7034A220934B4B6842 /* IffProcs.h */ = {isa = PBXFileReference; lastKnownFileType = sourcecode.c.h; path = IffProcs.h; sourceTree = "<group>"; };
		284D7546615D31B37B423404 /* QuadsProcs.h */ = {isa = PBXFileReference; lastKnownFileType = sourcecode.c.h; path = QuadsProcs.h; sourceTree = "<group>"; };
		28733F6B2F8A1F646A922AEA /* PpaProcs.h */ = {isa = PBXFileReference; lastKnownFileType = sourcecode.c.h; path = PpaProcs.h; sourceTree = "<group>"; };
		28D73C6331E93E022D4853F9 /* Regal.cpp */ = {isa = PBXFileReference; lastKnownFileType = sourcecode.cpp.cpp; path = Regal.cpp; sourceTree = "<group>"; };
		29D515B14C7B5A12141E6C71 /* RegalConfig.cpp */ = {isa = PBXFileReference; lastKnownFileType = sourcecode.cpp.cpp; path = RegalConfig.cpp; sourceTree = "<group>"; };
		2A9726930626362837D84B14 /* RectProcs.cpp */ = {isa = PBXFileReference; lastKnownFileType = sourcecode.cpp.cpp; path = RectProcs.cpp; sourceTree = "<group>"; };
		2C011D2D16204E515D96515D /* libregal.a */ = {isa = PBXFileReference; explicitFileType = archive.ar; includeInIndex = 0; path = libregal.a; sourceTree = BUILT_PRODUCTS_DIR; };
		2CAF2DE269C2418A5B513AAF /* HttpProcs.cpp */ = {isa = PBXFileReference; lastKnownFileType = sourcecode.cpp.cpp; path = HttpProcs.cpp; sourceTree = "<group>"; };
		2EDB48B161FC05FF530029D9 /* DebugProcs.cpp */ = {isa = PBXFileReference; lastKnownFileType = sourcecode.cpp.cpp; path = DebugProcs.cpp; sourceTree = "<group>"; };
		30AE222267C212302C146683 /* Favicon.cpp */ = {isa = PBXFileReference; lastKnownFileType = sourcecode.cpp.cpp; path = Favicon.cpp; sourceTree = "<group>"; };
		310F61B02932270B4BC113FF /* RegalToken.cpp */ = {isa = PBXFileReference; lastKnownFileType = sourcecode.cpp.cpp; path = RegalToken.cpp; sourceTree = "<group>"; };
		316A47ED27C100380BFE6467 /* RegalThread.h */ = {isa = PBXFileReference; lastKnownFileType = sourcecode.c.h; path = RegalThread.h; sourceTree = "<group>"; };
		34D918835F6568940B8973B6 /* RegalContext.cpp */ = {isa = PBXFileReference; lastKnownFileType = sourcecode.cpp.cpp; path = RegalContext.cpp; sourceTree = "<group>"; };
		35E633856ADD707B527705BB /* LogProcs.cpp */ = {isa = PBXFileReference; lastKnownFileType = sourcecode.cpp.cpp; path = LogProcs.cpp; sourceTree = "<group>"; };
		363828AD185042E41C94732D /* ObjProcs.h */ = {isa = PBXFileReference; lastKnownFileType = sourcecode.c.h; path = ObjProcs.h; sourceTree = "<group>"; };
		369236DA5F3C00083B0A1C74 /* RegalNamespace.h */ = {isa = PBXFileReference; lastKnownFileType = sourcecode.c.h; path = RegalNamespace.h; sourceTree = "<group>"; };
		372364296F8044F3380C3AFC /* RegalUtil.h */ = {isa = PBXFileReference; lastKnownFileType = sourcecode.c.h; path = RegalUtil.h; sourceTree = "<group>"; };
		3819759C0BF70DE028085BE4 /* RegalContext.h */ = {isa = PBXFileReference; lastKnownFileType = sourcecode.c.h; path = RegalContext.h; sourceTree = "<group>"; };
		382F37E067CC37DD1E7813EB /* RegalInitLayers.cpp */ = {isa = PBXFileReference; lastKnownFileType = sourcecode.cpp.cpp; path = RegalInitLayers.cpp; sourceTree = "<group>"; };
		3E1C3DC30ADD4C550C7E621A /* RegalShaderInstance.cpp */ = {isa = PBXFileReference; lastKnownFileType = sourcecode.cpp.cpp; path = RegalShaderInstance.cpp; sourceTree = "<group>"; };
		4199643361071DCC60F728A5 /* Filt.cpp */ = {isa = PBXFileReference; lastKnownFileType = sourcecode.cpp.cpp; path = Filt.cpp; sourceTree = "<group>"; };
		428930E32588169F49EA503A /* RegalSystem.h */ = {isa = PBXFileReference; lastKnownFileType = sourcecode.c.h; path = RegalSystem.h; sourceTree = "<group>"; };
		440C1FA8730621BA793F42BB /* PixelConversions.h */ = {isa = PBXFileReference; lastKnownFileType = sourcecode.c.h; path = PixelConversions.h; sourceTree = "<group>"; };
		464429AC7FFB6CDE089B24CC /* PpcaProcs.cpp */ = {isa = PBXFileReference; lastKnownFileType = sourcecode.cpp.cpp; path = PpcaProcs.cpp; sourceTree = "<group>"; };
		46D104F8569905BC0B605E19 /* RegalBreak.h */ = {isa = PBXFileReference; lastKnownFileType = sourcecode.c.h; path = RegalBreak.h; sourceTree = "<group>"; };
		470C0D08246A5987594A1407 /* RegalShader.cpp */ = {isa = PBXFileReference; lastKnownFileType = sourcecode.cpp.cpp; path = RegalShader.cpp; sourceTree = "<group>"; };
		48080F22240422D62E611CB1 /* RegalScopedPtr.h */ = {isa = PBXFileReference; lastKnownFileType = sourcecode.c.h; path = RegalScopedPtr.h; sourceTree = "<group>"; };
		4870536E120065BC2D805A7E /* RegalBreak.cpp */ = {isa = PBXFileReference; lastKnownFileType = sourcecode.cpp.cpp; path = RegalBreak.cpp; sourceTree = "<group>"; };
		4B3113487CE805594E1902A7 /* RegalState.h */ = {isa = PBXFileReference; lastKnownFileType = sourcecode.c.h; path = RegalState.h; sourceTree = "<group>"; };
		4BC727A83A4A5A803C450AF8 /* Ppca.h */ = {isa = PBXFileReference; lastKnownFileType = sourcecode.c.h; path = Ppca.h; sourceTree = "<group>"; };
		4BCB1AF35C7E01FF1EF777EF /* BaseVertex.h */ = {isa = PBXFileReference; lastKnownFileType = sourcecode.c.h; path = BaseVertex.h; sourceTree = "<group>"; };
		4CC533DB08B11D5141EB532D /* VaoProcs.cpp */ = {isa = PBXFileReference; lastKnownFileType = sourcecode.cpp.cpp; path = VaoProcs.cpp; sourceTree = "<group>"; };
		4EFA3C0A5EC04E2B0F431FE7 /* RegalClientState.h */ = {isa = PBXFileReference; lastKnownFileType = sourcecode.c.h; path = RegalClientState.h; sourceTree = "<group>"; };
		507F788D78761741540A7936 /* RegalPrivate.h */ = {isa = PBXFileReference; lastKnownFileType = sourcecode.c.h; path = RegalPrivate.h; sourceTree = "<group>"; };
		50D237933FC072945C353ADA /* RegalDispatch.h */ = {isa = PBXFileReference; lastKnownFileType = sourcecode.c.h; path = RegalDispatch.h; sourceTree = "<group>"; };
		50DE26A60458591D391E7BBC /* RegalHelper.cpp */ = {isa = PBXFileReference; lastKnownFileType = sourcecode.cpp.cpp; path = RegalHelper.cpp; sourceTree = "<group>"; };
		52EE12153BD27B817F4475A2 /* BinProcs.cpp */ = {isa = PBXFileReference; lastKnownFileType = sourcecode.cpp.cpp; path = BinProcs.cpp; sourceTree = "<group>"; };
		52FF203D146E678648AA3328 /* RegalInit.cpp */ = {isa = PBXFileReference; lastKnownFileType = sourcecode.cpp.cpp; path = RegalInit.cpp; sourceTree = "<group>"; };
		53794B6E5F63005A515A1B87 /* TexSto.h */ = {isa = PBXFileReference; lastKnownFileType = sourcecode.c.h; path = TexSto.h; sourceTree = "<group>"; };
		54AB36CE17CB420E5B7B7BF1 /* SoProcs.cpp */ = {isa = PBXFileReference; lastKnownFileType = sourcecode.cpp.cpp; path = SoProcs.cpp; sourceTree = "<group>"; };
		55805EF21FC0003B5BD73028 /* RegalInit.h */ = {isa = PBXFileReference; lastKnownFileType = sourcecode.c.h; path = RegalInit.h; sourceTree = "<group>"; };
		574A580C109C17E559903E45 /* Quads.cpp */ = {isa = PBXFileReference; lastKnownFileType = sourcecode.cpp.cpp; path = Quads.cpp; sourceTree = "<group>"; };
		57B53C49757631B232D07E7B /* TexC.h */ = {isa = PBXFileReference; lastKnownFileType = sourcecode.c.h; path = TexC.h; sourceTree = "<group>"; };
		58751FCF5DAA48622FE05009 /* RegalTimer.h */ = {isa = PBXFileReference; lastKnownFileType = sourcecode.c.h; path = RegalTimer.h; sourceTree = "<group>"; };
		58F7567C16C16D5668FE1420 /* RegalPush.h */ = {isa = PBXFileReference; lastKnownFileType = sourcecode.c.h; path = RegalPush.h; sourceTree = "<group>"; };
		596B2547618F0C3C658C7E3C /* DebugInfo.h */ = {isa = PBXFileReference; lastKnownFileType = sourcecode.c.h; path = DebugInfo.h; sourceTree = "<group>"; };
		5C3814F91E186A0250FE0077 /* BaseVertexProcs.h */ = {isa = PBXFileReference; lastKnownFileType = sourcecode.c.h; path = BaseVertexProcs.h; sourceTree = "<group>"; };
		5C40152E2FF509737E482DFF /* Iff.cpp */ = {isa = PBXFileReference; lastKnownFileType = sourcecode.cpp.cpp; path = Iff.cpp; sourceTree = "<group>"; };
		5D5053D9764E10FB55F01BB5 /* DsaProcs.h */ = {isa = PBXFileReference; lastKnownFileType = sourcecode.c.h; path = DsaProcs.h; sourceTree = "<group>"; };
		5DD636A541AF5AB418BF35B3 /* RegalUtil.cpp */ = {isa = PBXFileReference; lastKnownFileType = sourcecode.cpp.cpp; path = RegalUtil.cpp; sourceTree = "<group>"; };
		608969AF1155069F4B7A61A1 /* ErrorProcs.cpp */ = {isa = PBXFileReference; lastKnownFileType = sourcecode.cpp.cpp; path = ErrorProcs.cpp; sourceTree = "<group>"; };
		63022A3F10D120E07F4913CE /* IffProcs.cpp */ = {isa = PBXFileReference; lastKnownFileType = sourcecode.cpp.cpp; path = IffProcs.cpp; sourceTree = "<group>"; };
		64330FBE1E037345464A6164 /* BinProcs.h */ = {isa = PBXFileReference; lastKnownFileType = sourcecode.c.h; path = BinProcs.h; sourceTree = "<group>"; };
		647552B10BED77AC60E9168C /* RegalEnum.h */ = {isa = PBXFileReference; lastKnownFileType = sourcecode.c.h; path = RegalEnum.h; sourceTree = "<group>"; };
		65796E54624C7BC82F2602AC /* Favicon.h */ = {isa = PBXFileReference; lastKnownFileType = sourcecode.c.h; path = Favicon.h; sourceTree = "<group>"; };
		65D73F6A68B57FAD41C777DA /* stb_image_write.h */ = {isa = PBXFileReference; lastKnownFileType = sourcecode.c.h; path = stb_image_write.h; sourceTree = "<group>"; };
		66760BFE5EF33BE27D1F30DE /* Bin.h */ = {isa = PBXFileReference; lastKnownFileType = sourcecode.c.h; path = Bin.h; sourceTree = "<group>"; };
		6A341A3545D942A7773C2A9F /* Debug.h */ = {isa = PBXFileReference; lastKnownFileType = sourcecode.c.h; path = Debug.h; sourceTree = "<group>"; };
		6A417E863CCF6AE428915C41 /* RegalShader.h */ = {isa = PBXFileReference; lastKnownFileType = sourcecode.c.h; path = RegalShader.h; sourceTree = "<group>"; };
		6B005341617223156C3B176F /* Rect.h */ = {isa = PBXFileReference; lastKnownFileType = sourcecode.c.h; path = Rect.h; sourceTree = "<group>"; };
		6B6347F730EF26CA20A42F74 /* Hint.h */ = {isa = PBXFileReference; lastKnownFileType = sourcecode.c.h; path = Hint.h; sourceTree = "<group>"; };
		6C750FF675E722F339D61424 /* RegalSharedMap.h */ = {isa = PBXFileReference; lastKnownFileType = sourcecode.c.h; path = RegalSharedMap.h; sourceTree = "<group>"; };
		6CC902396C6155225BE74247 /* RegalHelper.h */ = {isa = PBXFileReference; lastKnownFileType = sourcecode.c.h; path = RegalHelper.h; sourceTree = "<group>"; };
		6D017D8679683AEC78102413 /* PpapiProcs.cpp */ = {isa = PBXFileReference; lastKnownFileType = sourcecode.cpp.cpp; path = PpapiProcs.cpp; sourceTree = "<group>"; };
		6D6B0D3B392076F023A52CF4 /* RegalDllMain.cpp */ = {isa = PBXFileReference; lastKnownFileType = sourcecode.cpp.cpp; path = RegalDllMain.cpp; sourceTree = "<group>"; };
		6D7E78720A061BF11E8A16E4 /* Http.cpp */ = {isa = PBXFileReference; lastKnownFileType = sourcecode.cpp.cpp; path = Http.cpp; sourceTree = "<group>"; };
		6DA261511E80057D5C637028 /* RegalToken.h */ = {isa = PBXFileReference; lastKnownFileType = sourcecode.c.h; path = RegalToken.h; sourceTree = "<group>"; };
		6DE2494E4C766F507A6B4791 /* RegalConfig.h */ = {isa = PBXFileReference; lastKnownFileType = sourcecode.c.h; path = RegalConfig.h; sourceTree = "<group>"; };
		6DE44EC05F8006FD5EC83DCD /* RegalMac.cpp */ = {isa = PBXFileReference; lastKnownFileType = sourcecode.cpp.cpp; path = RegalMac.cpp; sourceTree = "<group>"; };
		6DFF3302505E5F4A2A3E641C /* TexStoProcs.cpp */ = {isa = PBXFileReference; lastKnownFileType = sourcecode.cpp.cpp; path = TexStoProcs.cpp; sourceTree = "<group>"; };
		6EE31C1535B1019030D83888 /* Xfer.h */ = {isa = PBXFileReference; lastKnownFileType = sourcecode.c.h; path = Xfer.h; sourceTree = "<group>"; };
		6FEC143126CB71D418B74883 /* TexCProcs.cpp */ = {isa = PBXFileReference; lastKnownFileType = sourcecode.cpp.cpp; path = TexCProcs.cpp; sourceTree = "<group>"; };
		700E5ACD509E4559691B2532 /* RegalShaderInstance.h */ = {isa = PBXFileReference; lastKnownFileType = sourcecode.c.h; path = RegalShaderInstance.h; sourceTree = "<group>"; };
		735F7A461D99335C0E2B2BC4 /* Iff.h */ = {isa = PBXFileReference; lastKnownFileType = sourcecode.c.h; path = Iff.h; sourceTree = "<group>"; };
		738B6B141B4C1AFF7CC514AC /* RegalDispatch.cpp */ = {isa = PBXFileReference; lastKnownFileType = sourcecode.cpp.cpp; path = RegalDispatch.cpp; sourceTree = "<group>"; };
		7433664D6BCE62347D2675D9 /* TexStoProcs.h */ = {isa = PBXFileReference; lastKnownFileType = sourcecode.c.h; path = TexStoProcs.h; sourceTree = "<group>"; };
		74F25BDD12EF3521272325F3 /* RegalMarker.cpp */ = {isa = PBXFileReference; lastKnownFileType = sourcecode.cpp.cpp; path = RegalMarker.cpp; sourceTree = "<group>"; };
		766460A671FF48767AAD77BA /* Error.h */ = {isa = PBXFileReference; lastKnownFileType = sourcecode.c.h; path = Error.h; sourceTree = "<group>"; };
		76CC09224D355A7E43EB1163 /* RegalEmu.h */ = {isa = PBXFileReference; lastKnownFileType = sourcecode.c.h; path = RegalEmu.h; sourceTree = "<group>"; };
		79A14FD20BF326F148366687 /* PixelConversions.cpp */ = {isa = PBXFileReference; lastKnownFileType = sourcecode.cpp.cpp; path = PixelConversions.cpp; sourceTree = "<group>"; };
		7BB54DA04FA963F705C01674 /* XferProcs.h */ = {isa = PBXFileReference; lastKnownFileType = sourcecode.c.h; path = XferProcs.h; sourceTree = "<group>"; };
		7BD57BAC186E06FC26CA27A4 /* Dsa.h */ = {isa = PBXFileReference; lastKnownFileType = sourcecode.c.h; path = Dsa.h; sourceTree = "<group>"; };
		7C3C656B0B0E73517F2972BD /* So.cpp */ = {isa = PBXFileReference; lastKnownFileType = sourcecode.cpp.cpp; path = So.cpp; sourceTree = "<group>"; };
		7C5E0FA0760B701841D50917 /* RegalPrint.h */ = {isa = PBXFileReference; lastKnownFileType = sourcecode.c.h; path = RegalPrint.h; sourceTree = "<group>"; };
		7CD7430063720C97305C7F8C /* RegalContextInfo.cpp */ = {isa = PBXFileReference; lastKnownFileType = sourcecode.cpp.cpp; path = RegalContextInfo.cpp; sourceTree = "<group>"; };
		7D0C4A600AE163484ABF4D0F /* BaseVertexProcs.cpp */ = {isa = PBXFileReference; lastKnownFileType = sourcecode.cpp.cpp; path = BaseVertexProcs.cpp; sourceTree = "<group>"; };
		7E5C069B54784F98445A246B /* RegalEmu.cpp */ = {isa = PBXFileReference; lastKnownFileType = sourcecode.cpp.cpp; path = RegalEmu.cpp; sourceTree = "<group>"; };
/* End PBXFileReference section */

/* Begin PBXFrameworksBuildPhase section */
		799F608D65F77A2675825F71 /* Frameworks */ = {
			isa = PBXFrameworksBuildPhase;
			buildActionMask = 2147483647;
			files = (
			);
			runOnlyForDeploymentPostprocessing = 0;
		};
/* End PBXFrameworksBuildPhase section */

/* Begin PBXGroup section */
		0744082D012872BE23385A8F /* ppapi */ = {
			isa = PBXGroup;
			children = (
				6D017D8679683AEC78102413 /* PpapiProcs.cpp */,
			);
			path = ppapi;
			sourceTree = "<group>";
		};
		08533F5E3FAE4D8E56CC7653 /* bv */ = {
			isa = PBXGroup;
			children = (
				4BCB1AF35C7E01FF1EF777EF /* BaseVertex.h */,
				7D0C4A600AE163484ABF4D0F /* BaseVertexProcs.cpp */,
				5C3814F91E186A0250FE0077 /* BaseVertexProcs.h */,
			);
			path = bv;
			sourceTree = "<group>";
		};
		0B4D1931206504F43D3E6F13 /* bin */ = {
			isa = PBXGroup;
			children = (
				66760BFE5EF33BE27D1F30DE /* Bin.h */,
				52EE12153BD27B817F4475A2 /* BinProcs.cpp */,
				64330FBE1E037345464A6164 /* BinProcs.h */,
			);
			path = bin;
			sourceTree = "<group>";
		};
		0C500D6302D430640EF04CE7 /* regal */ = {
			isa = PBXGroup;
			children = (
				632E77144BB423C35DBB26C2 /* src */,
				262C3B9F0464648717D46BD1 /* Products */,
			);
			name = regal;
			sourceTree = "<group>";
		};
		1A6704FD28CD5D363BE96D59 /* dsa */ = {
			isa = PBXGroup;
			children = (
				7BD57BAC186E06FC26CA27A4 /* Dsa.h */,
				14C31B70693F3179026F6029 /* DsaProcs.cpp */,
				5D5053D9764E10FB55F01BB5 /* DsaProcs.h */,
			);
			path = dsa;
			sourceTree = "<group>";
		};
		1AC470327CE7594372952BBD /* log */ = {
			isa = PBXGroup;
			children = (
				1F552E402B2E6B2B0CAC1345 /* Log.h */,
				35E633856ADD707B527705BB /* LogProcs.cpp */,
			);
			path = log;
			sourceTree = "<group>";
		};
		1B0E5B38537005FE72E40F11 /* filt */ = {
			isa = PBXGroup;
			children = (
				4199643361071DCC60F728A5 /* Filt.cpp */,
				0938530166DB42BC78365DCC /* Filt.h */,
				1D277E64612703F6137B27F1 /* FiltProcs.cpp */,
				04F10CBC161753B46DCA1C2C /* FiltProcs.h */,
			);
			path = filt;
			sourceTree = "<group>";
		};
		1ECE08570E3D7C5A32741208 /* layer */ = {
			isa = PBXGroup;
			children = (
				0B4D1931206504F43D3E6F13 /* bin */,
				08533F5E3FAE4D8E56CC7653 /* bv */,
				2DAF4E2C55C1159B00D6006C /* debug */,
				1A6704FD28CD5D363BE96D59 /* dsa */,
				3AD878715976764622A30E8D /* error */,
				1B0E5B38537005FE72E40F11 /* filt */,
				260867B663617D690FAA158B /* hint */,
				66954BB7760A15FA51A829E9 /* http */,
				24186305621C390526AA172A /* iff */,
				791E40D423526CD742DB4135 /* loader */,
				1AC470327CE7594372952BBD /* log */,
				71E30A20561718A4414E7B8F /* obj */,
				34A3671262AB00B264FE66E4 /* ppa */,
				0744082D012872BE23385A8F /* ppapi */,
				73F444C24EBA2FD032BA039D /* ppca */,
				465F42855F9F49A71FA93323 /* quads */,
				7E032DFE37372E2D28C8035B /* rect */,
				561471E36E46545A6D3A0F43 /* so */,
				7E991C9E52BA439D0412589E /* texc */,
				6FA00CD6615A08003B176EB1 /* texsto */,
				33D460C0712753C07AC546DC /* vao */,
				57E049B24B5E242044A60E09 /* xfer */,
			);
			path = layer;
			sourceTree = "<group>";
		};
		24186305621C390526AA172A /* iff */ = {
			isa = PBXGroup;
			children = (
				5C40152E2FF509737E482DFF /* Iff.cpp */,
				735F7A461D99335C0E2B2BC4 /* Iff.h */,
				63022A3F10D120E07F4913CE /* IffProcs.cpp */,
				283F7C7034A220934B4B6842 /* IffProcs.h */,
				04D840C81F36138261ED4B73 /* linear.h */,
			);
			path = iff;
			sourceTree = "<group>";
		};
		260867B663617D690FAA158B /* hint */ = {
			isa = PBXGroup;
			children = (
				6B6347F730EF26CA20A42F74 /* Hint.h */,
				27D5135600F04B6712835D2D /* HintProcs.cpp */,
				1CDF7BF513BD73250771488A /* HintProcs.h */,
			);
			path = hint;
			sourceTree = "<group>";
		};
		262C3B9F0464648717D46BD1 /* Products */ = {
			isa = PBXGroup;
			children = (
				2C011D2D16204E515D96515D /* libregal.a */,
			);
			name = Products;
			sourceTree = "<group>";
		};
		2DAF4E2C55C1159B00D6006C /* debug */ = {
			isa = PBXGroup;
			children = (
				6A341A3545D942A7773C2A9F /* Debug.h */,
				596B2547618F0C3C658C7E3C /* DebugInfo.h */,
				2EDB48B161FC05FF530029D9 /* DebugProcs.cpp */,
			);
			path = debug;
			sourceTree = "<group>";
		};
		2F8D6FCA51BF7489059850EF /* mongoose */ = {
			isa = PBXGroup;
			children = (
				0B564B4140485E9101E3757B /* mongoose.c */,
			);
			path = mongoose;
			sourceTree = "<group>";
		};
		33D460C0712753C07AC546DC /* vao */ = {
			isa = PBXGroup;
			children = (
				17894F2A7DE757C17560316C /* Vao.h */,
				4CC533DB08B11D5141EB532D /* VaoProcs.cpp */,
				1F97728A66454D694D6D67B2 /* VaoProcs.h */,
			);
			path = vao;
			sourceTree = "<group>";
		};
		34A3671262AB00B264FE66E4 /* ppa */ = {
			isa = PBXGroup;
			children = (
				1766514865EE7FC62CE11503 /* Ppa.h */,
				0B16067F29E0468E40AB544F /* PpaProcs.cpp */,
				28733F6B2F8A1F646A922AEA /* PpaProcs.h */,
			);
			path = ppa;
			sourceTree = "<group>";
		};
		3AD878715976764622A30E8D /* error */ = {
			isa = PBXGroup;
			children = (
				766460A671FF48767AAD77BA /* Error.h */,
				608969AF1155069F4B7A61A1 /* ErrorProcs.cpp */,
			);
			path = error;
			sourceTree = "<group>";
		};
		465F42855F9F49A71FA93323 /* quads */ = {
			isa = PBXGroup;
			children = (
				574A580C109C17E559903E45 /* Quads.cpp */,
				1A0E21A9623B1F7613D34279 /* Quads.h */,
				254E3FEA388B30950BF47DF6 /* QuadsProcs.cpp */,
				284D7546615D31B37B423404 /* QuadsProcs.h */,
			);
			path = quads;
			sourceTree = "<group>";
		};
		561471E36E46545A6D3A0F43 /* so */ = {
			isa = PBXGroup;
			children = (
				7C3C656B0B0E73517F2972BD /* So.cpp */,
				00FF712402450BCF765B6D6A /* So.h */,
				54AB36CE17CB420E5B7B7BF1 /* SoProcs.cpp */,
				20AD4EB3023F093716A21A3A /* SoProcs.h */,
			);
			path = so;
			sourceTree = "<group>";
		};
		57E049B24B5E242044A60E09 /* xfer */ = {
			isa = PBXGroup;
			children = (
				0D805E473521217711457554 /* Xfer.cpp */,
				6EE31C1535B1019030D83888 /* Xfer.h */,
				071E514861F61EBC745F2F24 /* XferProcs.cpp */,
				7BB54DA04FA963F705C01674 /* XferProcs.h */,
			);
			path = xfer;
			sourceTree = "<group>";
		};
		632E77144BB423C35DBB26C2 /* src */ = {
			isa = PBXGroup;
			children = (
				2F8D6FCA51BF7489059850EF /* mongoose */,
				7F515B49559335651DDB2C92 /* regal */,
			);
			path = src;
			sourceTree = "<group>";
		};
		66954BB7760A15FA51A829E9 /* http */ = {
			isa = PBXGroup;
			children = (
				30AE222267C212302C146683 /* Favicon.cpp */,
				65796E54624C7BC82F2602AC /* Favicon.h */,
				6D7E78720A061BF11E8A16E4 /* Http.cpp */,
				023A4464171D77A7123B7D63 /* Http.h */,
				2CAF2DE269C2418A5B513AAF /* HttpProcs.cpp */,
				0A697F9947B76432154D1476 /* jscode.h */,
				65D73F6A68B57FAD41C777DA /* stb_image_write.h */,
			);
			path = http;
			sourceTree = "<group>";
		};
		6FA00CD6615A08003B176EB1 /* texsto */ = {
			isa = PBXGroup;
			children = (
				53794B6E5F63005A515A1B87 /* TexSto.h */,
				6DFF3302505E5F4A2A3E641C /* TexStoProcs.cpp */,
				7433664D6BCE62347D2675D9 /* TexStoProcs.h */,
			);
			path = texsto;
			sourceTree = "<group>";
		};
		71E30A20561718A4414E7B8F /* obj */ = {
			isa = PBXGroup;
			children = (
				25D702A9595165641D38735F /* Obj.h */,
				04E42265273A71404DF726C7 /* ObjProcs.cpp */,
				363828AD185042E41C94732D /* ObjProcs.h */,
			);
			path = obj;
			sourceTree = "<group>";
		};
		73F444C24EBA2FD032BA039D /* ppca */ = {
			isa = PBXGroup;
			children = (
				4BC727A83A4A5A803C450AF8 /* Ppca.h */,
				464429AC7FFB6CDE089B24CC /* PpcaProcs.cpp */,
				11CA6B6276F4179B0184116D /* PpcaProcs.h */,
			);
			path = ppca;
			sourceTree = "<group>";
		};
		791E40D423526CD742DB4135 /* loader */ = {
			isa = PBXGroup;
			children = (
				0423461944CE333165784A6C /* LoaderProcs.cpp */,
			);
			path = loader;
			sourceTree = "<group>";
		};
		7E032DFE37372E2D28C8035B /* rect */ = {
			isa = PBXGroup;
			children = (
				6B005341617223156C3B176F /* Rect.h */,
				2A9726930626362837D84B14 /* RectProcs.cpp */,
				23790601490D0062274E0B9C /* RectProcs.h */,
			);
			path = rect;
			sourceTree = "<group>";
		};
		7E991C9E52BA439D0412589E /* texc */ = {
			isa = PBXGroup;
			children = (
				79A14FD20BF326F148366687 /* PixelConversions.cpp */,
				440C1FA8730621BA793F42BB /* PixelConversions.h */,
				0AAF27E950C6323F5BFD487A /* TexC.cpp */,
				57B53C49757631B232D07E7B /* TexC.h */,
				6FEC143126CB71D418B74883 /* TexCProcs.cpp */,
				12E77C7A44DE5B507BBB60D3 /* TexCProcs.h */,
			);
			path = texc;
			sourceTree = "<group>";
		};
		7F515B49559335651DDB2C92 /* regal */ = {
			isa = PBXGroup;
			children = (
				28D73C6331E93E022D4853F9 /* Regal.cpp */,
				4870536E120065BC2D805A7E /* RegalBreak.cpp */,
				46D104F8569905BC0B605E19 /* RegalBreak.h */,
				4EFA3C0A5EC04E2B0F431FE7 /* RegalClientState.h */,
				29D515B14C7B5A12141E6C71 /* RegalConfig.cpp */,
				6DE2494E4C766F507A6B4791 /* RegalConfig.h */,
				34D918835F6568940B8973B6 /* RegalContext.cpp */,
				3819759C0BF70DE028085BE4 /* RegalContext.h */,
				7CD7430063720C97305C7F8C /* RegalContextInfo.cpp */,
				1C3B030420B224894342429F /* RegalContextInfo.h */,
				738B6B141B4C1AFF7CC514AC /* RegalDispatch.cpp */,
				50D237933FC072945C353ADA /* RegalDispatch.h */,
				6D6B0D3B392076F023A52CF4 /* RegalDllMain.cpp */,
				7E5C069B54784F98445A246B /* RegalEmu.cpp */,
				76CC09224D355A7E43EB1163 /* RegalEmu.h */,
				10110CA32C070C0410433D7E /* RegalEmuInfo.cpp */,
				210A542F056A29843A505AD9 /* RegalEmuInfo.h */,
				647552B10BED77AC60E9168C /* RegalEnum.h */,
				028E6E8F7BC8130760A901CB /* RegalFloat4.h */,
				50DE26A60458591D391E7BBC /* RegalHelper.cpp */,
				6CC902396C6155225BE74247 /* RegalHelper.h */,
				52FF203D146E678648AA3328 /* RegalInit.cpp */,
				55805EF21FC0003B5BD73028 /* RegalInit.h */,
				382F37E067CC37DD1E7813EB /* RegalInitLayers.cpp */,
				1E0F05ED382B3594404936A7 /* RegalLayer.h */,
				21CA065359BE77F7231F4AFF /* RegalLog.cpp */,
				18C4244131812775264A4D92 /* RegalLog.h */,
				6DE44EC05F8006FD5EC83DCD /* RegalMac.cpp */,
				187D3B0777167E0F115D795F /* RegalMac.h */,
				74F25BDD12EF3521272325F3 /* RegalMarker.cpp */,
				1AF37366611B74E437271DC5 /* RegalMarker.h */,
				26A26752591F301225174904 /* RegalMutex.h */,
				369236DA5F3C00083B0A1C74 /* RegalNamespace.h */,
				1865356D1F146EFB5FCE72CB /* RegalPrecompile.h */,
				7C5E0FA0760B701841D50917 /* RegalPrint.h */,
				507F788D78761741540A7936 /* RegalPrivate.h */,
				58F7567C16C16D5668FE1420 /* RegalPush.h */,
				48080F22240422D62E611CB1 /* RegalScopedPtr.h */,
				470C0D08246A5987594A1407 /* RegalShader.cpp */,
				6A417E863CCF6AE428915C41 /* RegalShader.h */,
				3E1C3DC30ADD4C550C7E621A /* RegalShaderInstance.cpp */,
				700E5ACD509E4559691B2532 /* RegalShaderInstance.h */,
				147604D8082B63E2313543B0 /* RegalSharedList.h */,
				6C750FF675E722F339D61424 /* RegalSharedMap.h */,
				051F631C045A66321687300D /* RegalSharedPtr.h */,
				4B3113487CE805594E1902A7 /* RegalState.h */,
				428930E32588169F49EA503A /* RegalSystem.h */,
				316A47ED27C100380BFE6467 /* RegalThread.h */,
				58751FCF5DAA48622FE05009 /* RegalTimer.h */,
				310F61B02932270B4BC113FF /* RegalToken.cpp */,
				6DA261511E80057D5C637028 /* RegalToken.h */,
				5DD636A541AF5AB418BF35B3 /* RegalUtil.cpp */,
				372364296F8044F3380C3AFC /* RegalUtil.h */,
				1ECE08570E3D7C5A32741208 /* layer */,
				1E28025936E44EF400B83378 /* pch.h */,
			);
			path = regal;
			sourceTree = "<group>";
		};
/* End PBXGroup section */

/* Begin PBXNativeTarget section */
		48DB43841D9C230810E15300 /* regal */ = {
			isa = PBXNativeTarget;
			buildConfigurationList = 747F7BC97E81758A717C2F56 /* Build configuration list for PBXNativeTarget "regal" */;
			buildPhases = (
				62472505766310297AFD3790 /* Resources */,
				70814F704D1F6B3D046321E5 /* Sources */,
				799F608D65F77A2675825F71 /* Frameworks */,
			);
			buildRules = (
			);
			dependencies = (
			);
			name = regal;
			productName = regal;
			productReference = 2C011D2D16204E515D96515D /* libregal.a */;
			productType = "com.apple.product-type.library.static";
		};
/* End PBXNativeTarget section */

/* Begin PBXProject section */
		08FB7793FE84155DC02AAC07 /* Project object */ = {
			isa = PBXProject;
			attributes = {
			};
			buildConfigurationList = 1DEB928908733DD80010E9CD /* Build configuration list for PBXProject "regal" */;
			compatibilityVersion = "Xcode 3.2";
			developmentRegion = English;
			hasScannedForEncodings = 1;
			knownRegions = (
				en,
			);
			mainGroup = 0C500D6302D430640EF04CE7 /* regal */;
			projectDirPath = "";
			projectRoot = "";
			targets = (
				48DB43841D9C230810E15300 /* regal */,
			);
		};
/* End PBXProject section */

/* Begin PBXResourcesBuildPhase section */
		62472505766310297AFD3790 /* Resources */ = {
			isa = PBXResourcesBuildPhase;
			buildActionMask = 2147483647;
			files = (
			);
			runOnlyForDeploymentPostprocessing = 0;
		};
/* End PBXResourcesBuildPhase section */

/* Begin PBXSourcesBuildPhase section */
		70814F704D1F6B3D046321E5 /* Sources */ = {
			isa = PBXSourcesBuildPhase;
			buildActionMask = 2147483647;
			files = (
				117417347CB173F0393D7CC9 /* mongoose.c in Sources */,
				113F5FED43B8174B4BBE3852 /* Regal.cpp in Sources */,
				2A0348C9160134027DD96798 /* RegalBreak.cpp in Sources */,
				70CF66246769427B1CA12E11 /* RegalConfig.cpp in Sources */,
				5E4248A14A2E2E2262EE11C3 /* RegalContext.cpp in Sources */,
				4E4408282DCC4664576D61E3 /* RegalContextInfo.cpp in Sources */,
				2D4F5C8270920C810CCF7B75 /* RegalDispatch.cpp in Sources */,
				07C9486E530D16D85A5C7B89 /* RegalDllMain.cpp in Sources */,
				6F0D64BA2B1D1414635035C2 /* RegalEmu.cpp in Sources */,
				240C19FF39EE6BD730C0407E /* RegalEmuInfo.cpp in Sources */,
				7C6C3CCF420353C35DFF2CB6 /* RegalHelper.cpp in Sources */,
				0EE83EB63FE918517860034D /* RegalInit.cpp in Sources */,
				3D8C63D55BB22AAA0E701B2C /* RegalInitLayers.cpp in Sources */,
				59AD17F43CE437993C1A03F8 /* RegalLog.cpp in Sources */,
				7BA8009E2837721543F11B9D /* RegalMac.cpp in Sources */,
				35DC351C7ACD5EE8761D22A9 /* RegalMarker.cpp in Sources */,
				078622CA0A7B165754DA75BF /* RegalShader.cpp in Sources */,
				43F11BDD09B22E664BE4169C /* RegalShaderInstance.cpp in Sources */,
				7B0D290658C3187A05127762 /* RegalToken.cpp in Sources */,
				178A263430CD78AE688066A8 /* RegalUtil.cpp in Sources */,
				116F2F5246645BAC1C673CEA /* BinProcs.cpp in Sources */,
				34BA39CD49981BEC45F42B16 /* BaseVertexProcs.cpp in Sources */,
				21E16BC22869269103D27107 /* DebugProcs.cpp in Sources */,
				4C8B5E433B8D5CF2144C498F /* DsaProcs.cpp in Sources */,
				30FC182D60542AD30A57135C /* ErrorProcs.cpp in Sources */,
				1CF72BB054EC7FE47D021278 /* Filt.cpp in Sources */,
				6D582EF5135227124F482BF9 /* FiltProcs.cpp in Sources */,
				6CEF51547B68048224101F15 /* HintProcs.cpp in Sources */,
				4BB64C4242886FD264236D7F /* Favicon.cpp in Sources */,
				688C669C306E44426D031635 /* Http.cpp in Sources */,
				6D544F954BC375AC72A56B72 /* HttpProcs.cpp in Sources */,
				7C263CEC42AA5EF346571DB3 /* Iff.cpp in Sources */,
				4EC56D2A76164D40614530E9 /* IffProcs.cpp in Sources */,
				186347D2371549ED75CA6248 /* LoaderProcs.cpp in Sources */,
				528E273879981AD263F37386 /* LogProcs.cpp in Sources */,
				74565EAD38576F53413F31EE /* ObjProcs.cpp in Sources */,
				20277CE935025373598A2115 /* PpaProcs.cpp in Sources */,
				753E625E453F60AF3D2B67AA /* PpapiProcs.cpp in Sources */,
				79D51A9332334342475E7FA4 /* PpcaProcs.cpp in Sources */,
				5E02582574AE60C952670FAC /* Quads.cpp in Sources */,
				2A5F791A30A60EEC54C64990 /* QuadsProcs.cpp in Sources */,
				1A4738A5646938205B3862F8 /* RectProcs.cpp in Sources */,
				63671CB3629410FA45AF7131 /* So.cpp in Sources */,
				249274850862120B24C7171D /* SoProcs.cpp in Sources */,
				53AB2D931AF211B10B6318A4 /* PixelConversions.cpp in Sources */,
				4FC47F7C2B8F4B535BF27A3F /* TexC.cpp in Sources */,
				14313B6D055251F676590411 /* TexCProcs.cpp in Sources */,
				0F5B4C3F7CD667EB2E3D3B32 /* TexStoProcs.cpp in Sources */,
				64DD26C830F8083A39E455A0 /* VaoProcs.cpp in Sources */,
				14BA6A9F2B39351F40477F8A /* Xfer.cpp in Sources */,
				6E39187E09EC768115DB1AD0 /* XferProcs.cpp in Sources */,
			);
			runOnlyForDeploymentPostprocessing = 0;
		};
/* End PBXSourcesBuildPhase section */

/* Begin XCBuildConfiguration section */
		0B1749855D9C48EC044F757E /* Debug */ = {
			isa = XCBuildConfiguration;
			buildSettings = {
				ARCHS = "$(NATIVE_ARCH_ACTUAL)";
				CLANG_CXX_LIBRARY = "libstdc++";
				CONFIGURATION_TEMP_DIR = "$(OBJROOT)";
				COPY_PHASE_STRIP = NO;
				GCC_C_LANGUAGE_STANDARD = "compiler-default";
				GCC_OPTIMIZATION_LEVEL = 0;
				GCC_PREPROCESSOR_DEFINITIONS = DEBUG;
				GCC_SYMBOLS_PRIVATE_EXTERN = NO;
				GCC_WARN_ABOUT_RETURN_TYPE = YES;
				GCC_WARN_UNUSED_VARIABLE = YES;
				HEADER_SEARCH_PATHS = (
					include,
					src/mongoose,
					src/lookup3,
					src/glsl/include,
					src/glsl/src/glsl,
					src/glsl/src/mesa,
				);
				OBJROOT = obj/Debug;
				ONLY_ACTIVE_ARCH = YES;
				SDKROOT = macosx;
			};
			name = Debug;
		};
		2CAB33533123056F727974F3 /* Release */ = {
			isa = XCBuildConfiguration;
			buildSettings = {
				ARCHS = "$(NATIVE_ARCH_ACTUAL)";
				CLANG_CXX_LIBRARY = "libstdc++";
				CONFIGURATION_TEMP_DIR = "$(OBJROOT)";
				GCC_C_LANGUAGE_STANDARD = "compiler-default";
				GCC_OPTIMIZATION_LEVEL = s;
				GCC_PREPROCESSOR_DEFINITIONS = NDEBUG;
				GCC_SYMBOLS_PRIVATE_EXTERN = NO;
				GCC_WARN_ABOUT_RETURN_TYPE = YES;
				GCC_WARN_UNUSED_VARIABLE = YES;
				HEADER_SEARCH_PATHS = (
					include,
					src/mongoose,
					src/lookup3,
					src/glsl/include,
					src/glsl/src/glsl,
					src/glsl/src/mesa,
				);
				OBJROOT = obj/Release;
				ONLY_ACTIVE_ARCH = NO;
				SDKROOT = macosx;
			};
			name = Release;
		};
		3886258A3ADC45232BB06416 /* Debug */ = {
			isa = XCBuildConfiguration;
			buildSettings = {
				ALWAYS_SEARCH_USER_PATHS = NO;
				GCC_DYNAMIC_NO_PIC = NO;
				GCC_MODEL_TUNING = G5;
				INSTALL_PATH = /usr/local/lib;
				PRODUCT_NAME = regal;
			};
			name = Debug;
		};
		3F90397416EF263C324F0A6D /* Release */ = {
			isa = XCBuildConfiguration;
			buildSettings = {
				ALWAYS_SEARCH_USER_PATHS = NO;
				DEBUG_INFORMATION_FORMAT = "dwarf-with-dsym";
				GCC_DYNAMIC_NO_PIC = NO;
				GCC_MODEL_TUNING = G5;
				INSTALL_PATH = /usr/local/lib;
				PRODUCT_NAME = regal;
			};
			name = Release;
		};
/* End XCBuildConfiguration section */

/* Begin XCConfigurationList section */
		1DEB928908733DD80010E9CD /* Build configuration list for PBXProject "regal" */ = {
			isa = XCConfigurationList;
			buildConfigurations = (
				0B1749855D9C48EC044F757E /* Debug */,
				2CAB33533123056F727974F3 /* Release */,
			);
			defaultConfigurationIsVisible = 0;
			defaultConfigurationName = Debug;
		};
		747F7BC97E81758A717C2F56 /* Build configuration list for PBXNativeTarget "regal" */ = {
			isa = XCConfigurationList;
			buildConfigurations = (
				3886258A3ADC45232BB06416 /* Debug */,
				3F90397416EF263C324F0A6D /* Release */,
			);
			defaultConfigurationIsVisible = 0;
			defaultConfigurationName = Debug;
		};
/* End XCConfigurationList section */
	};
	rootObject = 08FB7793FE84155DC02AAC07 /* Project object */;
}
