// !$*UTF8*$!
{
	archiveVersion = 1;
	classes = {
	};
	objectVersion = 45;
	objects = {

/* Begin PBXBuildFile section */
		666C74510B5A59475CA44F54 /* Regal.cpp in Sources */ = {isa = PBXBuildFile; fileRef = 18D2200F4E9E07320E7128F4 /* Regal.cpp */; };
		2791545547D837DD2FCF570E /* RegalBreak.cpp in Sources */ = {isa = PBXBuildFile; fileRef = 33F410A622BA633D7155168D /* RegalBreak.cpp */; };
		10B014CC727E3FD80A3B4B2E /* RegalConfig.cpp in Sources */ = {isa = PBXBuildFile; fileRef = 4323490B244A15BA06473657 /* RegalConfig.cpp */; };
		6CD075EA687971CD4EA345C8 /* RegalContext.cpp in Sources */ = {isa = PBXBuildFile; fileRef = 10F60AB30EC266F5687856ED /* RegalContext.cpp */; };
		49E0137E4FDF76D2607E0636 /* RegalContextInfo.cpp in Sources */ = {isa = PBXBuildFile; fileRef = 51C3692127B01D270D6904B0 /* RegalContextInfo.cpp */; };
		61DA4BD5245D66E17E891381 /* RegalDispatch.cpp in Sources */ = {isa = PBXBuildFile; fileRef = 20FC175A378C5CA35F4C0123 /* RegalDispatch.cpp */; };
		532C15BB2C044AD244EC7C5D /* RegalDllMain.cpp in Sources */ = {isa = PBXBuildFile; fileRef = 679669EC4516329035834A9E /* RegalDllMain.cpp */; };
		7F485FC042372AB00AFA35B4 /* RegalEmu.cpp in Sources */ = {isa = PBXBuildFile; fileRef = 62717484261A0CD04D693CC6 /* RegalEmu.cpp */; };
		5F4214BC4FC0576540B46DB3 /* RegalEmuInfo.cpp in Sources */ = {isa = PBXBuildFile; fileRef = 13E12E5E489D3D5537621BC5 /* RegalEmuInfo.cpp */; };
		07FF2949166D04653AC633F3 /* RegalHelper.cpp in Sources */ = {isa = PBXBuildFile; fileRef = 513C5EA14ECA40362E2F19E8 /* RegalHelper.cpp */; };
		7FF6262E45672C6D3CBF4651 /* RegalInit.cpp in Sources */ = {isa = PBXBuildFile; fileRef = 569E34FA2EEB7FF961C6277B /* RegalInit.cpp */; };
		2749550A3ABF71114D9A58AE /* RegalInitLayers.cpp in Sources */ = {isa = PBXBuildFile; fileRef = 0C2B5E6162906F440A212B0E /* RegalInitLayers.cpp */; };
		7AEE5FB45273265936D0123B /* RegalLog.cpp in Sources */ = {isa = PBXBuildFile; fileRef = 064C6CE561FA0D0152AD092F /* RegalLog.cpp */; };
		386B1A2A5101190A0B4A296F /* RegalMac.cpp in Sources */ = {isa = PBXBuildFile; fileRef = 27661B7D34B03F72150C62B6 /* RegalMac.cpp */; };
		1C376A6B21035C9B5A652D06 /* RegalMarker.cpp in Sources */ = {isa = PBXBuildFile; fileRef = 019A35E70FB356EB15AC5B26 /* RegalMarker.cpp */; };
		0BD208044A5537284ED90999 /* RegalShader.cpp in Sources */ = {isa = PBXBuildFile; fileRef = 15BA21372C0C4D0A67273C82 /* RegalShader.cpp */; };
		32AF191211096F0154D43836 /* RegalShaderInstance.cpp in Sources */ = {isa = PBXBuildFile; fileRef = 66833D64000150B346BE6792 /* RegalShaderInstance.cpp */; };
		7CC3737122462AEC2CF67858 /* RegalToken.cpp in Sources */ = {isa = PBXBuildFile; fileRef = 257A729E003679676E107B6E /* RegalToken.cpp */; };
		279624A022A30F7231B0415C /* RegalUtil.cpp in Sources */ = {isa = PBXBuildFile; fileRef = 254633B95B9A69E9743C1123 /* RegalUtil.cpp */; };
		064E28FF0B7E0B9645F6528A /* BinProcs.cpp in Sources */ = {isa = PBXBuildFile; fileRef = 5A945C3075DB1DF56F405B1D /* BinProcs.cpp */; };
		561E068D1F2D6AED6E857535 /* BaseVertexProcs.cpp in Sources */ = {isa = PBXBuildFile; fileRef = 63CB49D3788909A36B046DF2 /* BaseVertexProcs.cpp */; };
		61067A2E18E724096B486F11 /* DebugProcs.cpp in Sources */ = {isa = PBXBuildFile; fileRef = 2346049F0CBC28646CB6622C /* DebugProcs.cpp */; };
		2BCF44535C3B5B9E20FE0984 /* DsaProcs.cpp in Sources */ = {isa = PBXBuildFile; fileRef = 085F3A275AE6377303123D7A /* DsaProcs.cpp */; };
		19C10B3039C20B8F6D017246 /* ErrorProcs.cpp in Sources */ = {isa = PBXBuildFile; fileRef = 01E577403478450206DC053D /* ErrorProcs.cpp */; };
		33D106C43249588D131577BE /* Filt.cpp in Sources */ = {isa = PBXBuildFile; fileRef = 48D877CF67DA3B873092504C /* Filt.cpp */; };
		55CF386C4A0D445132CC7860 /* FiltProcs.cpp in Sources */ = {isa = PBXBuildFile; fileRef = 0EED16A01B0903EE242D1B85 /* FiltProcs.cpp */; };
		3D6B66D35DF441ED36B07B38 /* HintProcs.cpp in Sources */ = {isa = PBXBuildFile; fileRef = 19E253836E404FF5103874EA /* HintProcs.cpp */; };
		24E825D955690E8D077E0D75 /* Favicon.cpp in Sources */ = {isa = PBXBuildFile; fileRef = 112069F61E191D2D28F267F9 /* Favicon.cpp */; };
		2BDC288F4CE647970EEA5AD5 /* Http.cpp in Sources */ = {isa = PBXBuildFile; fileRef = 5CCF21367C2D19A07B072ADB /* Http.cpp */; };
		5E371BF5727B0D1F1B2F49A8 /* HttpProcs.cpp in Sources */ = {isa = PBXBuildFile; fileRef = 4CA250936EEC520C339107EB /* HttpProcs.cpp */; };
		1BC017DF36E9006C588D304E /* mongoose.c in Sources */ = {isa = PBXBuildFile; fileRef = 172E63B5141321A101B6746C /* mongoose.c */; };
		671802D7125B16601A1F2324 /* Iff.cpp in Sources */ = {isa = PBXBuildFile; fileRef = 65CE56F4561254AE73230374 /* Iff.cpp */; };
		073A76CE0FC6133F27415329 /* IffProcs.cpp in Sources */ = {isa = PBXBuildFile; fileRef = 6050607C79311DC84CAE6D38 /* IffProcs.cpp */; };
		09702AD709594F8948C6781B /* LoaderProcs.cpp in Sources */ = {isa = PBXBuildFile; fileRef = 4A71427750A265A0764F67E7 /* LoaderProcs.cpp */; };
		14FB6D2A0D8B47CA21185665 /* LogProcs.cpp in Sources */ = {isa = PBXBuildFile; fileRef = 363E4D377B6A0D3665FC31DA /* LogProcs.cpp */; };
		75D05BED448437F813480C06 /* ObjProcs.cpp in Sources */ = {isa = PBXBuildFile; fileRef = 745C61377A097B0C7A6B2570 /* ObjProcs.cpp */; };
		1111200211D97CE14AED4322 /* PpaProcs.cpp in Sources */ = {isa = PBXBuildFile; fileRef = 12F268F32B5C39D50F4B1128 /* PpaProcs.cpp */; };
		7A2D3A6225F71AC66D086901 /* PpapiProcs.cpp in Sources */ = {isa = PBXBuildFile; fileRef = 0C237A8216A275C8527926A6 /* PpapiProcs.cpp */; };
		07942B0033D10C156DE37A60 /* PpcaProcs.cpp in Sources */ = {isa = PBXBuildFile; fileRef = 0DBD258955737C2435105085 /* PpcaProcs.cpp */; };
		1479340568297C654ED03C2B /* Quads.cpp in Sources */ = {isa = PBXBuildFile; fileRef = 7ECD0255461D305F4162312F /* Quads.cpp */; };
		607E23AB45A97D551725181A /* QuadsProcs.cpp in Sources */ = {isa = PBXBuildFile; fileRef = 2BCC02E04B804389650B7684 /* QuadsProcs.cpp */; };
		76B848920AA44CCE04DA0943 /* RectProcs.cpp in Sources */ = {isa = PBXBuildFile; fileRef = 7E4D78991333070F036F6D95 /* RectProcs.cpp */; };
		4CC942EA265733F413405F27 /* So.cpp in Sources */ = {isa = PBXBuildFile; fileRef = 730E3A63549F4A7415B939A2 /* So.cpp */; };
		52BC3535505A66AF0FC81DA9 /* SoProcs.cpp in Sources */ = {isa = PBXBuildFile; fileRef = 71E86B0B203112D3697308B9 /* SoProcs.cpp */; };
		4602520A23E66AA10E1469DC /* PixelConversions.cpp in Sources */ = {isa = PBXBuildFile; fileRef = 69D3261E3A5C76847E855D58 /* PixelConversions.cpp */; };
		4E1C1F131CC16E8F267F0697 /* TexC.cpp in Sources */ = {isa = PBXBuildFile; fileRef = 5AD1672B676057390B37714C /* TexC.cpp */; };
		322B25CA2A56234A09677146 /* TexCProcs.cpp in Sources */ = {isa = PBXBuildFile; fileRef = 29821A6D712B744C5AC16C00 /* TexCProcs.cpp */; };
		522046F5022849CE2BC92D10 /* TexStoProcs.cpp in Sources */ = {isa = PBXBuildFile; fileRef = 4576642836472E8062F4242C /* TexStoProcs.cpp */; };
		20FE052E17A61F8A3CE62C60 /* VaoProcs.cpp in Sources */ = {isa = PBXBuildFile; fileRef = 0ADF61F66C203E89374532EB /* VaoProcs.cpp */; };
		21BD11B44CC070917DB66813 /* Xfer.cpp in Sources */ = {isa = PBXBuildFile; fileRef = 636F39E04B411BD3578F2297 /* Xfer.cpp */; };
		77E640FF2FE17D1C54DC5B53 /* XferProcs.cpp in Sources */ = {isa = PBXBuildFile; fileRef = 7C0A16FA27E55F40728C64B2 /* XferProcs.cpp */; };
/* End PBXBuildFile section */

/* Begin PBXFileReference section */
		18D2200F4E9E07320E7128F4 /* Regal.cpp */ = {isa = PBXFileReference; lastKnownFileType = sourcecode.cpp.cpp; name = "Regal.cpp"; path = "Regal.cpp"; sourceTree = "<group>"; };
		33F410A622BA633D7155168D /* RegalBreak.cpp */ = {isa = PBXFileReference; lastKnownFileType = sourcecode.cpp.cpp; name = "RegalBreak.cpp"; path = "RegalBreak.cpp"; sourceTree = "<group>"; };
		5EFF51A328D36E1328312977 /* RegalBreak.h */ = {isa = PBXFileReference; lastKnownFileType = sourcecode.c.h; name = "RegalBreak.h"; path = "RegalBreak.h"; sourceTree = "<group>"; };
		68AB635C5AC97A97027F621C /* RegalClientState.h */ = {isa = PBXFileReference; lastKnownFileType = sourcecode.c.h; name = "RegalClientState.h"; path = "RegalClientState.h"; sourceTree = "<group>"; };
		4323490B244A15BA06473657 /* RegalConfig.cpp */ = {isa = PBXFileReference; lastKnownFileType = sourcecode.cpp.cpp; name = "RegalConfig.cpp"; path = "RegalConfig.cpp"; sourceTree = "<group>"; };
		6A3954500B37682D1C627BD7 /* RegalConfig.h */ = {isa = PBXFileReference; lastKnownFileType = sourcecode.c.h; name = "RegalConfig.h"; path = "RegalConfig.h"; sourceTree = "<group>"; };
		10F60AB30EC266F5687856ED /* RegalContext.cpp */ = {isa = PBXFileReference; lastKnownFileType = sourcecode.cpp.cpp; name = "RegalContext.cpp"; path = "RegalContext.cpp"; sourceTree = "<group>"; };
		02FB37C650F44E3876A975D0 /* RegalContext.h */ = {isa = PBXFileReference; lastKnownFileType = sourcecode.c.h; name = "RegalContext.h"; path = "RegalContext.h"; sourceTree = "<group>"; };
		51C3692127B01D270D6904B0 /* RegalContextInfo.cpp */ = {isa = PBXFileReference; lastKnownFileType = sourcecode.cpp.cpp; name = "RegalContextInfo.cpp"; path = "RegalContextInfo.cpp"; sourceTree = "<group>"; };
		567933CC496E15774C0445FD /* RegalContextInfo.h */ = {isa = PBXFileReference; lastKnownFileType = sourcecode.c.h; name = "RegalContextInfo.h"; path = "RegalContextInfo.h"; sourceTree = "<group>"; };
		20FC175A378C5CA35F4C0123 /* RegalDispatch.cpp */ = {isa = PBXFileReference; lastKnownFileType = sourcecode.cpp.cpp; name = "RegalDispatch.cpp"; path = "RegalDispatch.cpp"; sourceTree = "<group>"; };
		1CC00ED76EBC7B42403433CF /* RegalDispatch.h */ = {isa = PBXFileReference; lastKnownFileType = sourcecode.c.h; name = "RegalDispatch.h"; path = "RegalDispatch.h"; sourceTree = "<group>"; };
		679669EC4516329035834A9E /* RegalDllMain.cpp */ = {isa = PBXFileReference; lastKnownFileType = sourcecode.cpp.cpp; name = "RegalDllMain.cpp"; path = "RegalDllMain.cpp"; sourceTree = "<group>"; };
		62717484261A0CD04D693CC6 /* RegalEmu.cpp */ = {isa = PBXFileReference; lastKnownFileType = sourcecode.cpp.cpp; name = "RegalEmu.cpp"; path = "RegalEmu.cpp"; sourceTree = "<group>"; };
		7DEB66BF3BCC58B57B6C2B04 /* RegalEmu.h */ = {isa = PBXFileReference; lastKnownFileType = sourcecode.c.h; name = "RegalEmu.h"; path = "RegalEmu.h"; sourceTree = "<group>"; };
		13E12E5E489D3D5537621BC5 /* RegalEmuInfo.cpp */ = {isa = PBXFileReference; lastKnownFileType = sourcecode.cpp.cpp; name = "RegalEmuInfo.cpp"; path = "RegalEmuInfo.cpp"; sourceTree = "<group>"; };
		201811D41DBB6355792669A5 /* RegalEmuInfo.h */ = {isa = PBXFileReference; lastKnownFileType = sourcecode.c.h; name = "RegalEmuInfo.h"; path = "RegalEmuInfo.h"; sourceTree = "<group>"; };
		69B64A410C025BAC041246FC /* RegalEnum.h */ = {isa = PBXFileReference; lastKnownFileType = sourcecode.c.h; name = "RegalEnum.h"; path = "RegalEnum.h"; sourceTree = "<group>"; };
		714D7C276CEF4CE970F5686B /* RegalFloat4.h */ = {isa = PBXFileReference; lastKnownFileType = sourcecode.c.h; name = "RegalFloat4.h"; path = "RegalFloat4.h"; sourceTree = "<group>"; };
		513C5EA14ECA40362E2F19E8 /* RegalHelper.cpp */ = {isa = PBXFileReference; lastKnownFileType = sourcecode.cpp.cpp; name = "RegalHelper.cpp"; path = "RegalHelper.cpp"; sourceTree = "<group>"; };
		547E4782373533AA04A703B4 /* RegalHelper.h */ = {isa = PBXFileReference; lastKnownFileType = sourcecode.c.h; name = "RegalHelper.h"; path = "RegalHelper.h"; sourceTree = "<group>"; };
		569E34FA2EEB7FF961C6277B /* RegalInit.cpp */ = {isa = PBXFileReference; lastKnownFileType = sourcecode.cpp.cpp; name = "RegalInit.cpp"; path = "RegalInit.cpp"; sourceTree = "<group>"; };
		0661732B2BD600A0276E5F29 /* RegalInit.h */ = {isa = PBXFileReference; lastKnownFileType = sourcecode.c.h; name = "RegalInit.h"; path = "RegalInit.h"; sourceTree = "<group>"; };
		0C2B5E6162906F440A212B0E /* RegalInitLayers.cpp */ = {isa = PBXFileReference; lastKnownFileType = sourcecode.cpp.cpp; name = "RegalInitLayers.cpp"; path = "RegalInitLayers.cpp"; sourceTree = "<group>"; };
		2C34327A01457FFD43C67C35 /* RegalLayer.h */ = {isa = PBXFileReference; lastKnownFileType = sourcecode.c.h; name = "RegalLayer.h"; path = "RegalLayer.h"; sourceTree = "<group>"; };
		064C6CE561FA0D0152AD092F /* RegalLog.cpp */ = {isa = PBXFileReference; lastKnownFileType = sourcecode.cpp.cpp; name = "RegalLog.cpp"; path = "RegalLog.cpp"; sourceTree = "<group>"; };
		776C05525D484848710A67DE /* RegalLog.h */ = {isa = PBXFileReference; lastKnownFileType = sourcecode.c.h; name = "RegalLog.h"; path = "RegalLog.h"; sourceTree = "<group>"; };
		27661B7D34B03F72150C62B6 /* RegalMac.cpp */ = {isa = PBXFileReference; lastKnownFileType = sourcecode.cpp.cpp; name = "RegalMac.cpp"; path = "RegalMac.cpp"; sourceTree = "<group>"; };
		75B760042EE80B14521E61DD /* RegalMac.h */ = {isa = PBXFileReference; lastKnownFileType = sourcecode.c.h; name = "RegalMac.h"; path = "RegalMac.h"; sourceTree = "<group>"; };
		019A35E70FB356EB15AC5B26 /* RegalMarker.cpp */ = {isa = PBXFileReference; lastKnownFileType = sourcecode.cpp.cpp; name = "RegalMarker.cpp"; path = "RegalMarker.cpp"; sourceTree = "<group>"; };
		7F9345D26C9676EB50073B36 /* RegalMarker.h */ = {isa = PBXFileReference; lastKnownFileType = sourcecode.c.h; name = "RegalMarker.h"; path = "RegalMarker.h"; sourceTree = "<group>"; };
		6509556B14C13182021D5701 /* RegalMutex.h */ = {isa = PBXFileReference; lastKnownFileType = sourcecode.c.h; name = "RegalMutex.h"; path = "RegalMutex.h"; sourceTree = "<group>"; };
		2D5278C76D441E8E27B1764B /* RegalNamespace.h */ = {isa = PBXFileReference; lastKnownFileType = sourcecode.c.h; name = "RegalNamespace.h"; path = "RegalNamespace.h"; sourceTree = "<group>"; };
		5DAB08525227308F22780CB8 /* RegalPrecompile.h */ = {isa = PBXFileReference; lastKnownFileType = sourcecode.c.h; name = "RegalPrecompile.h"; path = "RegalPrecompile.h"; sourceTree = "<group>"; };
		162370B73A0D48F7667E7A82 /* RegalPrint.h */ = {isa = PBXFileReference; lastKnownFileType = sourcecode.c.h; name = "RegalPrint.h"; path = "RegalPrint.h"; sourceTree = "<group>"; };
		76455C9B48F508B73888196B /* RegalPrivate.h */ = {isa = PBXFileReference; lastKnownFileType = sourcecode.c.h; name = "RegalPrivate.h"; path = "RegalPrivate.h"; sourceTree = "<group>"; };
		489E14E96E2C4022284822D7 /* RegalPush.h */ = {isa = PBXFileReference; lastKnownFileType = sourcecode.c.h; name = "RegalPush.h"; path = "RegalPush.h"; sourceTree = "<group>"; };
		58933B6D72A47E4D7432054D /* RegalScopedPtr.h */ = {isa = PBXFileReference; lastKnownFileType = sourcecode.c.h; name = "RegalScopedPtr.h"; path = "RegalScopedPtr.h"; sourceTree = "<group>"; };
		15BA21372C0C4D0A67273C82 /* RegalShader.cpp */ = {isa = PBXFileReference; lastKnownFileType = sourcecode.cpp.cpp; name = "RegalShader.cpp"; path = "RegalShader.cpp"; sourceTree = "<group>"; };
		334B064349DB54C918965356 /* RegalShader.h */ = {isa = PBXFileReference; lastKnownFileType = sourcecode.c.h; name = "RegalShader.h"; path = "RegalShader.h"; sourceTree = "<group>"; };
		66833D64000150B346BE6792 /* RegalShaderInstance.cpp */ = {isa = PBXFileReference; lastKnownFileType = sourcecode.cpp.cpp; name = "RegalShaderInstance.cpp"; path = "RegalShaderInstance.cpp"; sourceTree = "<group>"; };
		7666459D54EE5E600C1D686E /* RegalShaderInstance.h */ = {isa = PBXFileReference; lastKnownFileType = sourcecode.c.h; name = "RegalShaderInstance.h"; path = "RegalShaderInstance.h"; sourceTree = "<group>"; };
		0F160FC6143F4A6B5F352055 /* RegalSharedList.h */ = {isa = PBXFileReference; lastKnownFileType = sourcecode.c.h; name = "RegalSharedList.h"; path = "RegalSharedList.h"; sourceTree = "<group>"; };
		5C892F47044C2DE46D7D4CC0 /* RegalSharedMap.h */ = {isa = PBXFileReference; lastKnownFileType = sourcecode.c.h; name = "RegalSharedMap.h"; path = "RegalSharedMap.h"; sourceTree = "<group>"; };
		07623F001B46449474B879B1 /* RegalSharedPtr.h */ = {isa = PBXFileReference; lastKnownFileType = sourcecode.c.h; name = "RegalSharedPtr.h"; path = "RegalSharedPtr.h"; sourceTree = "<group>"; };
		58CD02A11C4A5D7D560F7D88 /* RegalState.h */ = {isa = PBXFileReference; lastKnownFileType = sourcecode.c.h; name = "RegalState.h"; path = "RegalState.h"; sourceTree = "<group>"; };
		28B31A50225E664D4BDD57A9 /* RegalSystem.h */ = {isa = PBXFileReference; lastKnownFileType = sourcecode.c.h; name = "RegalSystem.h"; path = "RegalSystem.h"; sourceTree = "<group>"; };
		40426E3D0F8F1F006EE706C2 /* RegalThread.h */ = {isa = PBXFileReference; lastKnownFileType = sourcecode.c.h; name = "RegalThread.h"; path = "RegalThread.h"; sourceTree = "<group>"; };
		4BEF6F6F1C2D038453A72D4B /* RegalTimer.h */ = {isa = PBXFileReference; lastKnownFileType = sourcecode.c.h; name = "RegalTimer.h"; path = "RegalTimer.h"; sourceTree = "<group>"; };
		257A729E003679676E107B6E /* RegalToken.cpp */ = {isa = PBXFileReference; lastKnownFileType = sourcecode.cpp.cpp; name = "RegalToken.cpp"; path = "RegalToken.cpp"; sourceTree = "<group>"; };
		136C3B3E0DBC37641C1275CC /* RegalToken.h */ = {isa = PBXFileReference; lastKnownFileType = sourcecode.c.h; name = "RegalToken.h"; path = "RegalToken.h"; sourceTree = "<group>"; };
		254633B95B9A69E9743C1123 /* RegalUtil.cpp */ = {isa = PBXFileReference; lastKnownFileType = sourcecode.cpp.cpp; name = "RegalUtil.cpp"; path = "RegalUtil.cpp"; sourceTree = "<group>"; };
		3B8B29E43E96791D7D7D37FB /* RegalUtil.h */ = {isa = PBXFileReference; lastKnownFileType = sourcecode.c.h; name = "RegalUtil.h"; path = "RegalUtil.h"; sourceTree = "<group>"; };
		784E006163815F5407AB7427 /* Bin.h */ = {isa = PBXFileReference; lastKnownFileType = sourcecode.c.h; name = "Bin.h"; path = "Bin.h"; sourceTree = "<group>"; };
		5A945C3075DB1DF56F405B1D /* BinProcs.cpp */ = {isa = PBXFileReference; lastKnownFileType = sourcecode.cpp.cpp; name = "BinProcs.cpp"; path = "BinProcs.cpp"; sourceTree = "<group>"; };
		068710452DA408C57CBD6592 /* BinProcs.h */ = {isa = PBXFileReference; lastKnownFileType = sourcecode.c.h; name = "BinProcs.h"; path = "BinProcs.h"; sourceTree = "<group>"; };
		61F951A40E3C15665D61479E /* BaseVertex.h */ = {isa = PBXFileReference; lastKnownFileType = sourcecode.c.h; name = "BaseVertex.h"; path = "BaseVertex.h"; sourceTree = "<group>"; };
		63CB49D3788909A36B046DF2 /* BaseVertexProcs.cpp */ = {isa = PBXFileReference; lastKnownFileType = sourcecode.cpp.cpp; name = "BaseVertexProcs.cpp"; path = "BaseVertexProcs.cpp"; sourceTree = "<group>"; };
		1EBF379D25A067032CD21B95 /* BaseVertexProcs.h */ = {isa = PBXFileReference; lastKnownFileType = sourcecode.c.h; name = "BaseVertexProcs.h"; path = "BaseVertexProcs.h"; sourceTree = "<group>"; };
		752B1A4009414B333433355D /* Debug.h */ = {isa = PBXFileReference; lastKnownFileType = sourcecode.c.h; name = "Debug.h"; path = "Debug.h"; sourceTree = "<group>"; };
		793B352D46CD67A52C640629 /* DebugInfo.h */ = {isa = PBXFileReference; lastKnownFileType = sourcecode.c.h; name = "DebugInfo.h"; path = "DebugInfo.h"; sourceTree = "<group>"; };
		2346049F0CBC28646CB6622C /* DebugProcs.cpp */ = {isa = PBXFileReference; lastKnownFileType = sourcecode.cpp.cpp; name = "DebugProcs.cpp"; path = "DebugProcs.cpp"; sourceTree = "<group>"; };
		7F241AEF6601017265FD4E83 /* Dsa.h */ = {isa = PBXFileReference; lastKnownFileType = sourcecode.c.h; name = "Dsa.h"; path = "Dsa.h"; sourceTree = "<group>"; };
		085F3A275AE6377303123D7A /* DsaProcs.cpp */ = {isa = PBXFileReference; lastKnownFileType = sourcecode.cpp.cpp; name = "DsaProcs.cpp"; path = "DsaProcs.cpp"; sourceTree = "<group>"; };
		5F27023C37251D4A6548720C /* DsaProcs.h */ = {isa = PBXFileReference; lastKnownFileType = sourcecode.c.h; name = "DsaProcs.h"; path = "DsaProcs.h"; sourceTree = "<group>"; };
		62D0476618F677260E14522A /* Error.h */ = {isa = PBXFileReference; lastKnownFileType = sourcecode.c.h; name = "Error.h"; path = "Error.h"; sourceTree = "<group>"; };
		01E577403478450206DC053D /* ErrorProcs.cpp */ = {isa = PBXFileReference; lastKnownFileType = sourcecode.cpp.cpp; name = "ErrorProcs.cpp"; path = "ErrorProcs.cpp"; sourceTree = "<group>"; };
		48D877CF67DA3B873092504C /* Filt.cpp */ = {isa = PBXFileReference; lastKnownFileType = sourcecode.cpp.cpp; name = "Filt.cpp"; path = "Filt.cpp"; sourceTree = "<group>"; };
		712360E6599C3BC656BA5BD9 /* Filt.h */ = {isa = PBXFileReference; lastKnownFileType = sourcecode.c.h; name = "Filt.h"; path = "Filt.h"; sourceTree = "<group>"; };
		0EED16A01B0903EE242D1B85 /* FiltProcs.cpp */ = {isa = PBXFileReference; lastKnownFileType = sourcecode.cpp.cpp; name = "FiltProcs.cpp"; path = "FiltProcs.cpp"; sourceTree = "<group>"; };
		191569AE4FDC11793F0E620E /* FiltProcs.h */ = {isa = PBXFileReference; lastKnownFileType = sourcecode.c.h; name = "FiltProcs.h"; path = "FiltProcs.h"; sourceTree = "<group>"; };
		55421BC11FF74239671B4047 /* Hint.h */ = {isa = PBXFileReference; lastKnownFileType = sourcecode.c.h; name = "Hint.h"; path = "Hint.h"; sourceTree = "<group>"; };
		19E253836E404FF5103874EA /* HintProcs.cpp */ = {isa = PBXFileReference; lastKnownFileType = sourcecode.cpp.cpp; name = "HintProcs.cpp"; path = "HintProcs.cpp"; sourceTree = "<group>"; };
		4D1077A77B8645A566414C1B /* HintProcs.h */ = {isa = PBXFileReference; lastKnownFileType = sourcecode.c.h; name = "HintProcs.h"; path = "HintProcs.h"; sourceTree = "<group>"; };
		112069F61E191D2D28F267F9 /* Favicon.cpp */ = {isa = PBXFileReference; lastKnownFileType = sourcecode.cpp.cpp; name = "Favicon.cpp"; path = "Favicon.cpp"; sourceTree = "<group>"; };
		09675CA825C748CA672405F0 /* Favicon.h */ = {isa = PBXFileReference; lastKnownFileType = sourcecode.c.h; name = "Favicon.h"; path = "Favicon.h"; sourceTree = "<group>"; };
		5CCF21367C2D19A07B072ADB /* Http.cpp */ = {isa = PBXFileReference; lastKnownFileType = sourcecode.cpp.cpp; name = "Http.cpp"; path = "Http.cpp"; sourceTree = "<group>"; };
		119820E65D4C55974A693A80 /* Http.h */ = {isa = PBXFileReference; lastKnownFileType = sourcecode.c.h; name = "Http.h"; path = "Http.h"; sourceTree = "<group>"; };
		4CA250936EEC520C339107EB /* HttpProcs.cpp */ = {isa = PBXFileReference; lastKnownFileType = sourcecode.cpp.cpp; name = "HttpProcs.cpp"; path = "HttpProcs.cpp"; sourceTree = "<group>"; };
		67E66D1E724C6EDF053962C1 /* jscode.h */ = {isa = PBXFileReference; lastKnownFileType = sourcecode.c.h; name = "jscode.h"; path = "jscode.h"; sourceTree = "<group>"; };
		172E63B5141321A101B6746C /* mongoose.c */ = {isa = PBXFileReference; lastKnownFileType = sourcecode.c.c; name = "mongoose.c"; path = "mongoose.c"; sourceTree = "<group>"; };
		031C52C8052006CE5CDA020E /* mongoose.h */ = {isa = PBXFileReference; lastKnownFileType = sourcecode.c.h; name = "mongoose.h"; path = "mongoose.h"; sourceTree = "<group>"; };
		70AB6FA00D372CD7767D2FB6 /* stb_image_write.h */ = {isa = PBXFileReference; lastKnownFileType = sourcecode.c.h; name = "stb_image_write.h"; path = "stb_image_write.h"; sourceTree = "<group>"; };
		65CE56F4561254AE73230374 /* Iff.cpp */ = {isa = PBXFileReference; lastKnownFileType = sourcecode.cpp.cpp; name = "Iff.cpp"; path = "Iff.cpp"; sourceTree = "<group>"; };
		40DA575866EE3F48381040AA /* Iff.h */ = {isa = PBXFileReference; lastKnownFileType = sourcecode.c.h; name = "Iff.h"; path = "Iff.h"; sourceTree = "<group>"; };
		6050607C79311DC84CAE6D38 /* IffProcs.cpp */ = {isa = PBXFileReference; lastKnownFileType = sourcecode.cpp.cpp; name = "IffProcs.cpp"; path = "IffProcs.cpp"; sourceTree = "<group>"; };
		428802B76C8E0AA16CFF7573 /* IffProcs.h */ = {isa = PBXFileReference; lastKnownFileType = sourcecode.c.h; name = "IffProcs.h"; path = "IffProcs.h"; sourceTree = "<group>"; };
		6358294B0EAC747004334751 /* linear.h */ = {isa = PBXFileReference; lastKnownFileType = sourcecode.c.h; name = "linear.h"; path = "linear.h"; sourceTree = "<group>"; };
		4A71427750A265A0764F67E7 /* LoaderProcs.cpp */ = {isa = PBXFileReference; lastKnownFileType = sourcecode.cpp.cpp; name = "LoaderProcs.cpp"; path = "LoaderProcs.cpp"; sourceTree = "<group>"; };
		5F785FBD27B764AE0CB75279 /* Log.h */ = {isa = PBXFileReference; lastKnownFileType = sourcecode.c.h; name = "Log.h"; path = "Log.h"; sourceTree = "<group>"; };
		363E4D377B6A0D3665FC31DA /* LogProcs.cpp */ = {isa = PBXFileReference; lastKnownFileType = sourcecode.cpp.cpp; name = "LogProcs.cpp"; path = "LogProcs.cpp"; sourceTree = "<group>"; };
		5E9851FA2611544648DD427E /* Obj.h */ = {isa = PBXFileReference; lastKnownFileType = sourcecode.c.h; name = "Obj.h"; path = "Obj.h"; sourceTree = "<group>"; };
		745C61377A097B0C7A6B2570 /* ObjProcs.cpp */ = {isa = PBXFileReference; lastKnownFileType = sourcecode.cpp.cpp; name = "ObjProcs.cpp"; path = "ObjProcs.cpp"; sourceTree = "<group>"; };
		6861782C4BD938EA20E81320 /* ObjProcs.h */ = {isa = PBXFileReference; lastKnownFileType = sourcecode.c.h; name = "ObjProcs.h"; path = "ObjProcs.h"; sourceTree = "<group>"; };
		5484635E371F550234060B95 /* Ppa.h */ = {isa = PBXFileReference; lastKnownFileType = sourcecode.c.h; name = "Ppa.h"; path = "Ppa.h"; sourceTree = "<group>"; };
		12F268F32B5C39D50F4B1128 /* PpaProcs.cpp */ = {isa = PBXFileReference; lastKnownFileType = sourcecode.cpp.cpp; name = "PpaProcs.cpp"; path = "PpaProcs.cpp"; sourceTree = "<group>"; };
		7FAC18AF0FF74C4C3E460F92 /* PpaProcs.h */ = {isa = PBXFileReference; lastKnownFileType = sourcecode.c.h; name = "PpaProcs.h"; path = "PpaProcs.h"; sourceTree = "<group>"; };
		0C237A8216A275C8527926A6 /* PpapiProcs.cpp */ = {isa = PBXFileReference; lastKnownFileType = sourcecode.cpp.cpp; name = "PpapiProcs.cpp"; path = "PpapiProcs.cpp"; sourceTree = "<group>"; };
		5BD65C9F03B443FC67D00DC5 /* Ppca.h */ = {isa = PBXFileReference; lastKnownFileType = sourcecode.c.h; name = "Ppca.h"; path = "Ppca.h"; sourceTree = "<group>"; };
		0DBD258955737C2435105085 /* PpcaProcs.cpp */ = {isa = PBXFileReference; lastKnownFileType = sourcecode.cpp.cpp; name = "PpcaProcs.cpp"; path = "PpcaProcs.cpp"; sourceTree = "<group>"; };
		4A6876FA4751482F3C6143F4 /* PpcaProcs.h */ = {isa = PBXFileReference; lastKnownFileType = sourcecode.c.h; name = "PpcaProcs.h"; path = "PpcaProcs.h"; sourceTree = "<group>"; };
		7ECD0255461D305F4162312F /* Quads.cpp */ = {isa = PBXFileReference; lastKnownFileType = sourcecode.cpp.cpp; name = "Quads.cpp"; path = "Quads.cpp"; sourceTree = "<group>"; };
		66B25C7F51763D0D2A223307 /* Quads.h */ = {isa = PBXFileReference; lastKnownFileType = sourcecode.c.h; name = "Quads.h"; path = "Quads.h"; sourceTree = "<group>"; };
		2BCC02E04B804389650B7684 /* QuadsProcs.cpp */ = {isa = PBXFileReference; lastKnownFileType = sourcecode.cpp.cpp; name = "QuadsProcs.cpp"; path = "QuadsProcs.cpp"; sourceTree = "<group>"; };
		0B5C7266232972560A0E4D18 /* QuadsProcs.h */ = {isa = PBXFileReference; lastKnownFileType = sourcecode.c.h; name = "QuadsProcs.h"; path = "QuadsProcs.h"; sourceTree = "<group>"; };
		2D473EAB5C3C25403557691B /* Rect.h */ = {isa = PBXFileReference; lastKnownFileType = sourcecode.c.h; name = "Rect.h"; path = "Rect.h"; sourceTree = "<group>"; };
		7E4D78991333070F036F6D95 /* RectProcs.cpp */ = {isa = PBXFileReference; lastKnownFileType = sourcecode.cpp.cpp; name = "RectProcs.cpp"; path = "RectProcs.cpp"; sourceTree = "<group>"; };
		22085AB6027C2EAB0A6723A7 /* RectProcs.h */ = {isa = PBXFileReference; lastKnownFileType = sourcecode.c.h; name = "RectProcs.h"; path = "RectProcs.h"; sourceTree = "<group>"; };
		730E3A63549F4A7415B939A2 /* So.cpp */ = {isa = PBXFileReference; lastKnownFileType = sourcecode.cpp.cpp; name = "So.cpp"; path = "So.cpp"; sourceTree = "<group>"; };
		29D245441EB65D1464B27271 /* So.h */ = {isa = PBXFileReference; lastKnownFileType = sourcecode.c.h; name = "So.h"; path = "So.h"; sourceTree = "<group>"; };
		71E86B0B203112D3697308B9 /* SoProcs.cpp */ = {isa = PBXFileReference; lastKnownFileType = sourcecode.cpp.cpp; name = "SoProcs.cpp"; path = "SoProcs.cpp"; sourceTree = "<group>"; };
		602C70D35FFB78051C261866 /* SoProcs.h */ = {isa = PBXFileReference; lastKnownFileType = sourcecode.c.h; name = "SoProcs.h"; path = "SoProcs.h"; sourceTree = "<group>"; };
		69D3261E3A5C76847E855D58 /* PixelConversions.cpp */ = {isa = PBXFileReference; lastKnownFileType = sourcecode.cpp.cpp; name = "PixelConversions.cpp"; path = "PixelConversions.cpp"; sourceTree = "<group>"; };
		12C3411E33904660702A5EBF /* PixelConversions.h */ = {isa = PBXFileReference; lastKnownFileType = sourcecode.c.h; name = "PixelConversions.h"; path = "PixelConversions.h"; sourceTree = "<group>"; };
		5AD1672B676057390B37714C /* TexC.cpp */ = {isa = PBXFileReference; lastKnownFileType = sourcecode.cpp.cpp; name = "TexC.cpp"; path = "TexC.cpp"; sourceTree = "<group>"; };
		42C7283A2E057866081E1553 /* TexC.h */ = {isa = PBXFileReference; lastKnownFileType = sourcecode.c.h; name = "TexC.h"; path = "TexC.h"; sourceTree = "<group>"; };
		29821A6D712B744C5AC16C00 /* TexCProcs.cpp */ = {isa = PBXFileReference; lastKnownFileType = sourcecode.cpp.cpp; name = "TexCProcs.cpp"; path = "TexCProcs.cpp"; sourceTree = "<group>"; };
		5E6418B519C97F4947EF4A16 /* TexCProcs.h */ = {isa = PBXFileReference; lastKnownFileType = sourcecode.c.h; name = "TexCProcs.h"; path = "TexCProcs.h"; sourceTree = "<group>"; };
		19697AE577C27D1C4B6B0CF9 /* TexSto.h */ = {isa = PBXFileReference; lastKnownFileType = sourcecode.c.h; name = "TexSto.h"; path = "TexSto.h"; sourceTree = "<group>"; };
		4576642836472E8062F4242C /* TexStoProcs.cpp */ = {isa = PBXFileReference; lastKnownFileType = sourcecode.cpp.cpp; name = "TexStoProcs.cpp"; path = "TexStoProcs.cpp"; sourceTree = "<group>"; };
		1BBB161416552CA86DAC39DF /* TexStoProcs.h */ = {isa = PBXFileReference; lastKnownFileType = sourcecode.c.h; name = "TexStoProcs.h"; path = "TexStoProcs.h"; sourceTree = "<group>"; };
		3D703C1A0DAF6C6912633018 /* Vao.h */ = {isa = PBXFileReference; lastKnownFileType = sourcecode.c.h; name = "Vao.h"; path = "Vao.h"; sourceTree = "<group>"; };
		0ADF61F66C203E89374532EB /* VaoProcs.cpp */ = {isa = PBXFileReference; lastKnownFileType = sourcecode.cpp.cpp; name = "VaoProcs.cpp"; path = "VaoProcs.cpp"; sourceTree = "<group>"; };
		5957180A4A5536B21EBD2046 /* VaoProcs.h */ = {isa = PBXFileReference; lastKnownFileType = sourcecode.c.h; name = "VaoProcs.h"; path = "VaoProcs.h"; sourceTree = "<group>"; };
		636F39E04B411BD3578F2297 /* Xfer.cpp */ = {isa = PBXFileReference; lastKnownFileType = sourcecode.cpp.cpp; name = "Xfer.cpp"; path = "Xfer.cpp"; sourceTree = "<group>"; };
		59211A0E4BEC2C611DFE4D4E /* Xfer.h */ = {isa = PBXFileReference; lastKnownFileType = sourcecode.c.h; name = "Xfer.h"; path = "Xfer.h"; sourceTree = "<group>"; };
		7C0A16FA27E55F40728C64B2 /* XferProcs.cpp */ = {isa = PBXFileReference; lastKnownFileType = sourcecode.cpp.cpp; name = "XferProcs.cpp"; path = "XferProcs.cpp"; sourceTree = "<group>"; };
		2F010CF81C7B6AD60F8E73AC /* XferProcs.h */ = {isa = PBXFileReference; lastKnownFileType = sourcecode.c.h; name = "XferProcs.h"; path = "XferProcs.h"; sourceTree = "<group>"; };
		2A5C0CD311FA473B2E04146F /* pch.h */ = {isa = PBXFileReference; lastKnownFileType = sourcecode.c.h; name = "pch.h"; path = "pch.h"; sourceTree = "<group>"; };
		5E0660C35FFA542C44730F7C /* libregal.a */ = {isa = PBXFileReference; explicitFileType = archive.ar; includeInIndex = 0; name = "libregal.a"; path = "libregal.a"; sourceTree = BUILT_PRODUCTS_DIR; };
/* End PBXFileReference section */

/* Begin PBXFrameworksBuildPhase section */
		65A47EFD23BD667069E77C6C /* Frameworks */ = {
			isa = PBXFrameworksBuildPhase;
			buildActionMask = 2147483647;
			files = (
			);
			runOnlyForDeploymentPostprocessing = 0;
		};
/* End PBXFrameworksBuildPhase section */

/* Begin PBXGroup section */
		1E1461612C7D653035DB6039 /* regal */ = {
			isa = PBXGroup;
			children = (
				7C98626B5F625A633E1243B5 /* src */,
				050108970B0A72C3153C2FCB /* Products */,
			);
			name = "regal";
			sourceTree = "<group>";
		};
		7C98626B5F625A633E1243B5 /* src */ = {
			isa = PBXGroup;
			children = (
				3D2F06C725976678049F1056 /* regal */,
			);
			name = "src";
			path = "src";
			sourceTree = "<group>";
		};
		3D2F06C725976678049F1056 /* regal */ = {
			isa = PBXGroup;
			children = (
				18D2200F4E9E07320E7128F4 /* Regal.cpp */,
				33F410A622BA633D7155168D /* RegalBreak.cpp */,
				5EFF51A328D36E1328312977 /* RegalBreak.h */,
				68AB635C5AC97A97027F621C /* RegalClientState.h */,
				4323490B244A15BA06473657 /* RegalConfig.cpp */,
				6A3954500B37682D1C627BD7 /* RegalConfig.h */,
				10F60AB30EC266F5687856ED /* RegalContext.cpp */,
				02FB37C650F44E3876A975D0 /* RegalContext.h */,
				51C3692127B01D270D6904B0 /* RegalContextInfo.cpp */,
				567933CC496E15774C0445FD /* RegalContextInfo.h */,
				20FC175A378C5CA35F4C0123 /* RegalDispatch.cpp */,
				1CC00ED76EBC7B42403433CF /* RegalDispatch.h */,
				679669EC4516329035834A9E /* RegalDllMain.cpp */,
				62717484261A0CD04D693CC6 /* RegalEmu.cpp */,
				7DEB66BF3BCC58B57B6C2B04 /* RegalEmu.h */,
				13E12E5E489D3D5537621BC5 /* RegalEmuInfo.cpp */,
				201811D41DBB6355792669A5 /* RegalEmuInfo.h */,
				69B64A410C025BAC041246FC /* RegalEnum.h */,
				714D7C276CEF4CE970F5686B /* RegalFloat4.h */,
				513C5EA14ECA40362E2F19E8 /* RegalHelper.cpp */,
				547E4782373533AA04A703B4 /* RegalHelper.h */,
				569E34FA2EEB7FF961C6277B /* RegalInit.cpp */,
				0661732B2BD600A0276E5F29 /* RegalInit.h */,
				0C2B5E6162906F440A212B0E /* RegalInitLayers.cpp */,
				2C34327A01457FFD43C67C35 /* RegalLayer.h */,
				064C6CE561FA0D0152AD092F /* RegalLog.cpp */,
				776C05525D484848710A67DE /* RegalLog.h */,
				27661B7D34B03F72150C62B6 /* RegalMac.cpp */,
				75B760042EE80B14521E61DD /* RegalMac.h */,
				019A35E70FB356EB15AC5B26 /* RegalMarker.cpp */,
				7F9345D26C9676EB50073B36 /* RegalMarker.h */,
				6509556B14C13182021D5701 /* RegalMutex.h */,
				2D5278C76D441E8E27B1764B /* RegalNamespace.h */,
				5DAB08525227308F22780CB8 /* RegalPrecompile.h */,
				162370B73A0D48F7667E7A82 /* RegalPrint.h */,
				76455C9B48F508B73888196B /* RegalPrivate.h */,
				489E14E96E2C4022284822D7 /* RegalPush.h */,
				58933B6D72A47E4D7432054D /* RegalScopedPtr.h */,
				15BA21372C0C4D0A67273C82 /* RegalShader.cpp */,
				334B064349DB54C918965356 /* RegalShader.h */,
				66833D64000150B346BE6792 /* RegalShaderInstance.cpp */,
				7666459D54EE5E600C1D686E /* RegalShaderInstance.h */,
				0F160FC6143F4A6B5F352055 /* RegalSharedList.h */,
				5C892F47044C2DE46D7D4CC0 /* RegalSharedMap.h */,
				07623F001B46449474B879B1 /* RegalSharedPtr.h */,
				58CD02A11C4A5D7D560F7D88 /* RegalState.h */,
				28B31A50225E664D4BDD57A9 /* RegalSystem.h */,
				40426E3D0F8F1F006EE706C2 /* RegalThread.h */,
				4BEF6F6F1C2D038453A72D4B /* RegalTimer.h */,
				257A729E003679676E107B6E /* RegalToken.cpp */,
				136C3B3E0DBC37641C1275CC /* RegalToken.h */,
				254633B95B9A69E9743C1123 /* RegalUtil.cpp */,
				3B8B29E43E96791D7D7D37FB /* RegalUtil.h */,
				6878427136D9684B20B7770E /* layer */,
				2A5C0CD311FA473B2E04146F /* pch.h */,
			);
			name = "regal";
			path = "regal";
			sourceTree = "<group>";
		};
		6878427136D9684B20B7770E /* layer */ = {
			isa = PBXGroup;
			children = (
				632D55E27A46454D73644389 /* bin */,
				55710A56190C6BC848E96C61 /* bv */,
				60F4712D6F4F614E52657028 /* debug */,
				00F6360126500F4177BE7FE2 /* dsa */,
				085063F03AEE68777A024B5B /* error */,
				7491625360BA6B551C944094 /* filt */,
				283D5630075E62FA271E36BD /* hint */,
				0FE04AA3333827C875FD6FB0 /* http */,
				5BE81991299E56AF0C7B01E5 /* iff */,
				27AB717E2B3B493D02CB02BB /* loader */,
				57737DE4257B6C65109D4C93 /* log */,
				079773657AFE6F9928235308 /* obj */,
				48813D8F1A9C0642048D5F93 /* ppa */,
				42A63E103C5726C410695E33 /* ppapi */,
				7B9F3FD41928240F75CC35FC /* ppca */,
				72CB0E8A1BD94D27650274BC /* quads */,
				176A45BF2DBE50DF0F2379C7 /* rect */,
				3F7B26E5361B536C6C3F46B4 /* so */,
				748E4FB32DEF35E82D7C47C1 /* texc */,
				0574143D5F5D7AA23EB309CD /* texsto */,
				0B8431C06740495501BF2624 /* vao */,
				70AE411F099008D24BED6D51 /* xfer */,
			);
			name = "layer";
			path = "layer";
			sourceTree = "<group>";
		};
		632D55E27A46454D73644389 /* bin */ = {
			isa = PBXGroup;
			children = (
				784E006163815F5407AB7427 /* Bin.h */,
				5A945C3075DB1DF56F405B1D /* BinProcs.cpp */,
				068710452DA408C57CBD6592 /* BinProcs.h */,
			);
			name = "bin";
			path = "bin";
			sourceTree = "<group>";
		};
		55710A56190C6BC848E96C61 /* bv */ = {
			isa = PBXGroup;
			children = (
				61F951A40E3C15665D61479E /* BaseVertex.h */,
				63CB49D3788909A36B046DF2 /* BaseVertexProcs.cpp */,
				1EBF379D25A067032CD21B95 /* BaseVertexProcs.h */,
			);
			name = "bv";
			path = "bv";
			sourceTree = "<group>";
		};
		60F4712D6F4F614E52657028 /* debug */ = {
			isa = PBXGroup;
			children = (
				752B1A4009414B333433355D /* Debug.h */,
				793B352D46CD67A52C640629 /* DebugInfo.h */,
				2346049F0CBC28646CB6622C /* DebugProcs.cpp */,
			);
			name = "debug";
			path = "debug";
			sourceTree = "<group>";
		};
		00F6360126500F4177BE7FE2 /* dsa */ = {
			isa = PBXGroup;
			children = (
				7F241AEF6601017265FD4E83 /* Dsa.h */,
				085F3A275AE6377303123D7A /* DsaProcs.cpp */,
				5F27023C37251D4A6548720C /* DsaProcs.h */,
			);
			name = "dsa";
			path = "dsa";
			sourceTree = "<group>";
		};
		085063F03AEE68777A024B5B /* error */ = {
			isa = PBXGroup;
			children = (
				62D0476618F677260E14522A /* Error.h */,
				01E577403478450206DC053D /* ErrorProcs.cpp */,
			);
			name = "error";
			path = "error";
			sourceTree = "<group>";
		};
		7491625360BA6B551C944094 /* filt */ = {
			isa = PBXGroup;
			children = (
				48D877CF67DA3B873092504C /* Filt.cpp */,
				712360E6599C3BC656BA5BD9 /* Filt.h */,
				0EED16A01B0903EE242D1B85 /* FiltProcs.cpp */,
				191569AE4FDC11793F0E620E /* FiltProcs.h */,
			);
			name = "filt";
			path = "filt";
			sourceTree = "<group>";
		};
		283D5630075E62FA271E36BD /* hint */ = {
			isa = PBXGroup;
			children = (
				55421BC11FF74239671B4047 /* Hint.h */,
				19E253836E404FF5103874EA /* HintProcs.cpp */,
				4D1077A77B8645A566414C1B /* HintProcs.h */,
			);
			name = "hint";
			path = "hint";
			sourceTree = "<group>";
		};
		0FE04AA3333827C875FD6FB0 /* http */ = {
			isa = PBXGroup;
			children = (
				112069F61E191D2D28F267F9 /* Favicon.cpp */,
				09675CA825C748CA672405F0 /* Favicon.h */,
				5CCF21367C2D19A07B072ADB /* Http.cpp */,
				119820E65D4C55974A693A80 /* Http.h */,
				4CA250936EEC520C339107EB /* HttpProcs.cpp */,
				67E66D1E724C6EDF053962C1 /* jscode.h */,
				172E63B5141321A101B6746C /* mongoose.c */,
				031C52C8052006CE5CDA020E /* mongoose.h */,
				70AB6FA00D372CD7767D2FB6 /* stb_image_write.h */,
			);
			name = "http";
			path = "http";
			sourceTree = "<group>";
		};
		5BE81991299E56AF0C7B01E5 /* iff */ = {
			isa = PBXGroup;
			children = (
				65CE56F4561254AE73230374 /* Iff.cpp */,
				40DA575866EE3F48381040AA /* Iff.h */,
				6050607C79311DC84CAE6D38 /* IffProcs.cpp */,
				428802B76C8E0AA16CFF7573 /* IffProcs.h */,
				6358294B0EAC747004334751 /* linear.h */,
			);
			name = "iff";
			path = "iff";
			sourceTree = "<group>";
		};
		27AB717E2B3B493D02CB02BB /* loader */ = {
			isa = PBXGroup;
			children = (
				4A71427750A265A0764F67E7 /* LoaderProcs.cpp */,
			);
			name = "loader";
			path = "loader";
			sourceTree = "<group>";
		};
		57737DE4257B6C65109D4C93 /* log */ = {
			isa = PBXGroup;
			children = (
				5F785FBD27B764AE0CB75279 /* Log.h */,
				363E4D377B6A0D3665FC31DA /* LogProcs.cpp */,
			);
			name = "log";
			path = "log";
			sourceTree = "<group>";
		};
		079773657AFE6F9928235308 /* obj */ = {
			isa = PBXGroup;
			children = (
				5E9851FA2611544648DD427E /* Obj.h */,
				745C61377A097B0C7A6B2570 /* ObjProcs.cpp */,
				6861782C4BD938EA20E81320 /* ObjProcs.h */,
			);
			name = "obj";
			path = "obj";
			sourceTree = "<group>";
		};
		48813D8F1A9C0642048D5F93 /* ppa */ = {
			isa = PBXGroup;
			children = (
				5484635E371F550234060B95 /* Ppa.h */,
				12F268F32B5C39D50F4B1128 /* PpaProcs.cpp */,
				7FAC18AF0FF74C4C3E460F92 /* PpaProcs.h */,
			);
			name = "ppa";
			path = "ppa";
			sourceTree = "<group>";
		};
		42A63E103C5726C410695E33 /* ppapi */ = {
			isa = PBXGroup;
			children = (
				0C237A8216A275C8527926A6 /* PpapiProcs.cpp */,
			);
			name = "ppapi";
			path = "ppapi";
			sourceTree = "<group>";
		};
		7B9F3FD41928240F75CC35FC /* ppca */ = {
			isa = PBXGroup;
			children = (
				5BD65C9F03B443FC67D00DC5 /* Ppca.h */,
				0DBD258955737C2435105085 /* PpcaProcs.cpp */,
				4A6876FA4751482F3C6143F4 /* PpcaProcs.h */,
			);
			name = "ppca";
			path = "ppca";
			sourceTree = "<group>";
		};
		72CB0E8A1BD94D27650274BC /* quads */ = {
			isa = PBXGroup;
			children = (
				7ECD0255461D305F4162312F /* Quads.cpp */,
				66B25C7F51763D0D2A223307 /* Quads.h */,
				2BCC02E04B804389650B7684 /* QuadsProcs.cpp */,
				0B5C7266232972560A0E4D18 /* QuadsProcs.h */,
			);
			name = "quads";
			path = "quads";
			sourceTree = "<group>";
		};
		176A45BF2DBE50DF0F2379C7 /* rect */ = {
			isa = PBXGroup;
			children = (
				2D473EAB5C3C25403557691B /* Rect.h */,
				7E4D78991333070F036F6D95 /* RectProcs.cpp */,
				22085AB6027C2EAB0A6723A7 /* RectProcs.h */,
			);
			name = "rect";
			path = "rect";
			sourceTree = "<group>";
		};
		3F7B26E5361B536C6C3F46B4 /* so */ = {
			isa = PBXGroup;
			children = (
				730E3A63549F4A7415B939A2 /* So.cpp */,
				29D245441EB65D1464B27271 /* So.h */,
				71E86B0B203112D3697308B9 /* SoProcs.cpp */,
				602C70D35FFB78051C261866 /* SoProcs.h */,
			);
			name = "so";
			path = "so";
			sourceTree = "<group>";
		};
		748E4FB32DEF35E82D7C47C1 /* texc */ = {
			isa = PBXGroup;
			children = (
				69D3261E3A5C76847E855D58 /* PixelConversions.cpp */,
				12C3411E33904660702A5EBF /* PixelConversions.h */,
				5AD1672B676057390B37714C /* TexC.cpp */,
				42C7283A2E057866081E1553 /* TexC.h */,
				29821A6D712B744C5AC16C00 /* TexCProcs.cpp */,
				5E6418B519C97F4947EF4A16 /* TexCProcs.h */,
			);
			name = "texc";
			path = "texc";
			sourceTree = "<group>";
		};
		0574143D5F5D7AA23EB309CD /* texsto */ = {
			isa = PBXGroup;
			children = (
				19697AE577C27D1C4B6B0CF9 /* TexSto.h */,
				4576642836472E8062F4242C /* TexStoProcs.cpp */,
				1BBB161416552CA86DAC39DF /* TexStoProcs.h */,
			);
			name = "texsto";
			path = "texsto";
			sourceTree = "<group>";
		};
		0B8431C06740495501BF2624 /* vao */ = {
			isa = PBXGroup;
			children = (
				3D703C1A0DAF6C6912633018 /* Vao.h */,
				0ADF61F66C203E89374532EB /* VaoProcs.cpp */,
				5957180A4A5536B21EBD2046 /* VaoProcs.h */,
			);
			name = "vao";
			path = "vao";
			sourceTree = "<group>";
		};
		70AE411F099008D24BED6D51 /* xfer */ = {
			isa = PBXGroup;
			children = (
				636F39E04B411BD3578F2297 /* Xfer.cpp */,
				59211A0E4BEC2C611DFE4D4E /* Xfer.h */,
				7C0A16FA27E55F40728C64B2 /* XferProcs.cpp */,
				2F010CF81C7B6AD60F8E73AC /* XferProcs.h */,
			);
			name = "xfer";
			path = "xfer";
			sourceTree = "<group>";
		};
		050108970B0A72C3153C2FCB /* Products */ = {
			isa = PBXGroup;
			children = (
				5E0660C35FFA542C44730F7C /* libregal.a */,
			);
			name = "Products";
			sourceTree = "<group>";
		};
/* End PBXGroup section */

/* Begin PBXNativeTarget section */
		3EEC129C47D7090C1BE97D01 /* regal */ = {
			isa = PBXNativeTarget;
			buildConfigurationList = 3D284472294900D3252C0993 /* Build configuration list for PBXNativeTarget "regal" */;
			buildPhases = (
				141D003D3E0F6EFE00EA2A3F /* Resources */,
				389209135717624B357667B6 /* Sources */,
				65A47EFD23BD667069E77C6C /* Frameworks */,
			);
			buildRules = (
			);
			dependencies = (
			);
			name = "regal";
			productName = "regal";
			productReference = 5E0660C35FFA542C44730F7C /* libregal.a */;
			productType = "com.apple.product-type.library.static";
		};
/* End PBXNativeTarget section */

/* Begin PBXProject section */
		08FB7793FE84155DC02AAC07 /* Project object */ = {
			isa = PBXProject;
			buildConfigurationList = 1DEB928908733DD80010E9CD /* Build configuration list for PBXProject "regal" */;
			compatibilityVersion = "Xcode 3.2";
			hasScannedForEncodings = 1;
			mainGroup = 1E1461612C7D653035DB6039 /* regal */;
			projectDirPath = "";
			projectRoot = "";
			targets = (
				3EEC129C47D7090C1BE97D01 /* libregal.a */,
			);
		};
/* End PBXProject section */

/* Begin PBXResourcesBuildPhase section */
		141D003D3E0F6EFE00EA2A3F /* Resources */ = {
			isa = PBXResourcesBuildPhase;
			buildActionMask = 2147483647;
			files = (
			);
			runOnlyForDeploymentPostprocessing = 0;
		};
/* End PBXResourcesBuildPhase section */

/* Begin PBXSourcesBuildPhase section */
		389209135717624B357667B6 /* Sources */ = {
			isa = PBXSourcesBuildPhase;
			buildActionMask = 2147483647;
			files = (
				666C74510B5A59475CA44F54 /* Regal.cpp in Sources */,
				2791545547D837DD2FCF570E /* RegalBreak.cpp in Sources */,
				10B014CC727E3FD80A3B4B2E /* RegalConfig.cpp in Sources */,
				6CD075EA687971CD4EA345C8 /* RegalContext.cpp in Sources */,
				49E0137E4FDF76D2607E0636 /* RegalContextInfo.cpp in Sources */,
				61DA4BD5245D66E17E891381 /* RegalDispatch.cpp in Sources */,
				532C15BB2C044AD244EC7C5D /* RegalDllMain.cpp in Sources */,
				7F485FC042372AB00AFA35B4 /* RegalEmu.cpp in Sources */,
				5F4214BC4FC0576540B46DB3 /* RegalEmuInfo.cpp in Sources */,
				07FF2949166D04653AC633F3 /* RegalHelper.cpp in Sources */,
				7FF6262E45672C6D3CBF4651 /* RegalInit.cpp in Sources */,
				2749550A3ABF71114D9A58AE /* RegalInitLayers.cpp in Sources */,
				7AEE5FB45273265936D0123B /* RegalLog.cpp in Sources */,
				386B1A2A5101190A0B4A296F /* RegalMac.cpp in Sources */,
				1C376A6B21035C9B5A652D06 /* RegalMarker.cpp in Sources */,
				0BD208044A5537284ED90999 /* RegalShader.cpp in Sources */,
				32AF191211096F0154D43836 /* RegalShaderInstance.cpp in Sources */,
				7CC3737122462AEC2CF67858 /* RegalToken.cpp in Sources */,
				279624A022A30F7231B0415C /* RegalUtil.cpp in Sources */,
				064E28FF0B7E0B9645F6528A /* BinProcs.cpp in Sources */,
				561E068D1F2D6AED6E857535 /* BaseVertexProcs.cpp in Sources */,
				61067A2E18E724096B486F11 /* DebugProcs.cpp in Sources */,
				2BCF44535C3B5B9E20FE0984 /* DsaProcs.cpp in Sources */,
				19C10B3039C20B8F6D017246 /* ErrorProcs.cpp in Sources */,
				33D106C43249588D131577BE /* Filt.cpp in Sources */,
				55CF386C4A0D445132CC7860 /* FiltProcs.cpp in Sources */,
				3D6B66D35DF441ED36B07B38 /* HintProcs.cpp in Sources */,
				24E825D955690E8D077E0D75 /* Favicon.cpp in Sources */,
				2BDC288F4CE647970EEA5AD5 /* Http.cpp in Sources */,
				5E371BF5727B0D1F1B2F49A8 /* HttpProcs.cpp in Sources */,
				1BC017DF36E9006C588D304E /* mongoose.c in Sources */,
				671802D7125B16601A1F2324 /* Iff.cpp in Sources */,
				073A76CE0FC6133F27415329 /* IffProcs.cpp in Sources */,
				09702AD709594F8948C6781B /* LoaderProcs.cpp in Sources */,
				14FB6D2A0D8B47CA21185665 /* LogProcs.cpp in Sources */,
				75D05BED448437F813480C06 /* ObjProcs.cpp in Sources */,
				1111200211D97CE14AED4322 /* PpaProcs.cpp in Sources */,
				7A2D3A6225F71AC66D086901 /* PpapiProcs.cpp in Sources */,
				07942B0033D10C156DE37A60 /* PpcaProcs.cpp in Sources */,
				1479340568297C654ED03C2B /* Quads.cpp in Sources */,
				607E23AB45A97D551725181A /* QuadsProcs.cpp in Sources */,
				76B848920AA44CCE04DA0943 /* RectProcs.cpp in Sources */,
				4CC942EA265733F413405F27 /* So.cpp in Sources */,
				52BC3535505A66AF0FC81DA9 /* SoProcs.cpp in Sources */,
				4602520A23E66AA10E1469DC /* PixelConversions.cpp in Sources */,
				4E1C1F131CC16E8F267F0697 /* TexC.cpp in Sources */,
				322B25CA2A56234A09677146 /* TexCProcs.cpp in Sources */,
				522046F5022849CE2BC92D10 /* TexStoProcs.cpp in Sources */,
				20FE052E17A61F8A3CE62C60 /* VaoProcs.cpp in Sources */,
				21BD11B44CC070917DB66813 /* Xfer.cpp in Sources */,
				77E640FF2FE17D1C54DC5B53 /* XferProcs.cpp in Sources */,
			);
			runOnlyForDeploymentPostprocessing = 0;
		};
/* End PBXSourcesBuildPhase section */

/* Begin PBXVariantGroup section */
/* End PBXVariantGroup section */

/* Begin XCBuildConfiguration section */
		52A169CA5983297576EF61EC /* Debug */ = {
			isa = XCBuildConfiguration;
			buildSettings = {
				ALWAYS_SEARCH_USER_PATHS = NO;
				GCC_DYNAMIC_NO_PIC = NO;
				GCC_MODEL_TUNING = G5;
				INSTALL_PATH = /usr/local/lib;
				PRODUCT_NAME = "regal";
			};
			name = "Debug";
		};
		05CF5F8D431800C927C706B7 /* Release */ = {
			isa = XCBuildConfiguration;
			buildSettings = {
				ALWAYS_SEARCH_USER_PATHS = NO;
				DEBUG_INFORMATION_FORMAT = "dwarf-with-dsym";
				GCC_DYNAMIC_NO_PIC = NO;
				GCC_MODEL_TUNING = G5;
				INSTALL_PATH = /usr/local/lib;
				PRODUCT_NAME = "regal";
			};
			name = "Release";
		};
		6845496E69773A242E372C05 /* Debug */ = {
			isa = XCBuildConfiguration;
			buildSettings = {
				SDKROOT = macosx;
				ARCHS = "$(NATIVE_ARCH_ACTUAL)";
				CONFIGURATION_TEMP_DIR = "$(OBJROOT)";
				COPY_PHASE_STRIP = NO;
				GCC_C_LANGUAGE_STANDARD = gnu99;
				GCC_OPTIMIZATION_LEVEL = 0;
				GCC_PREPROCESSOR_DEFINITIONS = (
					"DEBUG",
				);
				GCC_SYMBOLS_PRIVATE_EXTERN = NO;
				GCC_WARN_ABOUT_RETURN_TYPE = YES;
				GCC_WARN_UNUSED_VARIABLE = YES;
				HEADER_SEARCH_PATHS = (
					"include",
					"src/lookup3",
					"src/glsl/include",
					"src/glsl/src/glsl",
					"src/glsl/src/mesa",
				);
				OBJROOT = "obj/Debug";
				ONLY_ACTIVE_ARCH = YES;
				OTHER_LDFLAGS = (
					"-stdlib=libstdc++",
				);
			};
			name = "Debug";
		};
		1731422E67234A6E0F066564 /* Release */ = {
			isa = XCBuildConfiguration;
			buildSettings = {
				SDKROOT = macosx;
				ARCHS = "$(NATIVE_ARCH_ACTUAL)";
				CONFIGURATION_TEMP_DIR = "$(OBJROOT)";
				GCC_C_LANGUAGE_STANDARD = gnu99;
				GCC_OPTIMIZATION_LEVEL = s;
				GCC_PREPROCESSOR_DEFINITIONS = (
					"NDEBUG",
				);
				GCC_SYMBOLS_PRIVATE_EXTERN = NO;
				GCC_WARN_ABOUT_RETURN_TYPE = YES;
				GCC_WARN_UNUSED_VARIABLE = YES;
				HEADER_SEARCH_PATHS = (
					"include",
					"src/lookup3",
					"src/glsl/include",
					"src/glsl/src/glsl",
					"src/glsl/src/mesa",
				);
				OBJROOT = "obj/Release";
				ONLY_ACTIVE_ARCH = NO;
				OTHER_LDFLAGS = (
					"-stdlib=libstdc++",
				);
			};
			name = "Release";
		};
/* End XCBuildConfiguration section */

/* Begin XCConfigurationList section */
		3D284472294900D3252C0993 /* Build configuration list for PBXNativeTarget "libregal.a" */ = {
			isa = XCConfigurationList;
			buildConfigurations = (
				52A169CA5983297576EF61EC /* Debug */,
				05CF5F8D431800C927C706B7 /* Release */,
			);
			defaultConfigurationIsVisible = 0;
			defaultConfigurationName = "Debug";
		};
		1DEB928908733DD80010E9CD /* Build configuration list for PBXProject "regal" */ = {
			isa = XCConfigurationList;
			buildConfigurations = (
				6845496E69773A242E372C05 /* Debug */,
				1731422E67234A6E0F066564 /* Release */,
			);
			defaultConfigurationIsVisible = 0;
			defaultConfigurationName = "Debug";
		};
/* End XCConfigurationList section */

	};
	rootObject = 08FB7793FE84155DC02AAC07 /* Project object */;
}
